
Microsoft Visual Studio Solution File, Format Version 10.00
# Visual Studio 2008
Project("{FAE04EC0-301F-11D3-BF4B-00C04F79EFBC}") = "Bai_Tap_Thep _Povision", "Bai_Tap_Thep _Povision\Bai_Tap_Thep _Povision.csproj", "{1110BA13-8213-4D15-9FF1-AB77CB13319F}"
EndProject
Global
	GlobalSection(SolutionConfigurationPlatforms) = preSolution
		Debug|Any CPU = Debug|Any CPU
		Release|Any CPU = Release|Any CPU
	EndGlobalSection
	GlobalSection(ProjectConfigurationPlatforms) = postSolution
		{1110BA13-8213-4D15-9FF1-AB77CB13319F}.Debug|Any CPU.ActiveCfg = Debug|Any CPU
		{1110BA13-8213-4D15-9FF1-AB77CB13319F}.Debug|Any CPU.Build.0 = Debug|Any CPU
		{1110BA13-8213-4D15-9FF1-AB77CB13319F}.Release|Any CPU.ActiveCfg = Release|Any CPU
		{1110BA13-8213-4D15-9FF1-AB77CB13319F}.Release|Any CPU.Build.0 = Release|Any CPU
	EndGlobalSection
	GlobalSection(SolutionProperties) = preSolution
		HideSolutionNode = FALSE
	EndGlobalSection
EndGlobal
