
Microsoft Visual Studio Solution File, Format Version 12.00
# Visual Studio 2013
VisualStudioVersion = 12.0.40629.0
MinimumVisualStudioVersion = 10.0.40219.1
Project("{FAE04EC0-301F-11D3-BF4B-00C04F79EFBC}") = "V6ThuePostViettel", "V6ThuePost\V6ThuePostViettel.csproj", "{92801EE7-A5BA-430C-8434-7EE3A8A03414}"
EndProject
Project("{FAE04EC0-301F-11D3-BF4B-00C04F79EFBC}") = "V6ThuePostViettelApi", "ApiConnect\V6ThuePostViettelApi.csproj", "{ABC35001-3755-4AFF-88D6-B48598BBC651}"
EndProject
Global
	GlobalSection(SolutionConfigurationPlatforms) = preSolution
		Debug|Any CPU = Debug|Any CPU
		Release|Any CPU = Release|Any CPU
	EndGlobalSection
	GlobalSection(ProjectConfigurationPlatforms) = postSolution
		{92801EE7-A5BA-430C-8434-7EE3A8A03414}.Debug|Any CPU.ActiveCfg = Debug|Any CPU
		{92801EE7-A5BA-430C-8434-7EE3A8A03414}.Debug|Any CPU.Build.0 = Debug|Any CPU
		{92801EE7-A5BA-430C-8434-7EE3A8A03414}.Release|Any CPU.ActiveCfg = Release|Any CPU
		{92801EE7-A5BA-430C-8434-7EE3A8A03414}.Release|Any CPU.Build.0 = Release|Any CPU
		{ABC35001-3755-4AFF-88D6-B48598BBC651}.Debug|Any CPU.ActiveCfg = Debug|Any CPU
		{ABC35001-3755-4AFF-88D6-B48598BBC651}.Debug|Any CPU.Build.0 = Debug|Any CPU
		{ABC35001-3755-4AFF-88D6-B48598BBC651}.Release|Any CPU.ActiveCfg = Release|Any CPU
		{ABC35001-3755-4AFF-88D6-B48598BBC651}.Release|Any CPU.Build.0 = Release|Any CPU
	EndGlobalSection
	GlobalSection(SolutionProperties) = preSolution
		HideSolutionNode = FALSE
	EndGlobalSection
EndGlobal
