
Microsoft Visual Studio Solution File, Format Version 12.00
# Visual Studio 14
VisualStudioVersion = 14.0.25420.1
MinimumVisualStudioVersion = 10.0.40219.1
Project("{2150E333-8FDC-42A3-9474-1A3956D46DE8}") = "Common", "Common", "{E76228AD-9AE5-40D5-8821-7E3579B13E24}"
EndProject
Project("{FAE04EC0-301F-11D3-BF4B-00C04F79EFBC}") = "V6Common_Utils", "..\..\Common\V6Common_Utils\V6Common_Utils.csproj", "{6052E170-F511-47AC-B457-214E633C7D1C}"
EndProject
Project("{2150E333-8FDC-42A3-9474-1A3956D46DE8}") = "Service", "Service", "{7B3C6CFD-6EC9-47E8-A0FE-085543468679}"
EndProject
Project("{FAE04EC0-301F-11D3-BF4B-00C04F79EFBC}") = "V6Services_Common", "..\..\Services\V6Services_Common\V6Services_Common.csproj", "{316C4B01-A317-43D8-AAE8-7B4067F8DCA0}"
EndProject
Project("{FAE04EC0-301F-11D3-BF4B-00C04F79EFBC}") = "V6Web_Common", "..\V6Web_Common\V6Web_Common.csproj", "{7D7F610E-C0F5-4F12-A30B-2A89CD616A74}"
EndProject
Project("{2150E333-8FDC-42A3-9474-1A3956D46DE8}") = "V6Accounting Common", "V6Accounting Common", "{7F3AF63C-9566-41E1-A674-B944809FE2CB}"
EndProject
Project("{2150E333-8FDC-42A3-9474-1A3956D46DE8}") = "Web", "Web", "{8502809A-7F32-46D5-9673-029BAF472ECA}"
EndProject
Project("{FAE04EC0-301F-11D3-BF4B-00C04F79EFBC}") = "V6Models_Accounting", "..\..\Common\V6Models_Accounting\V6Models_Accounting.csproj", "{8FAD678C-2FE7-4C59-A8A0-C8DA26B2541C}"
EndProject
Project("{FAE04EC0-301F-11D3-BF4B-00C04F79EFBC}") = "V6Models_Core", "..\..\Common\V6Models_Core\V6Models_Core.csproj", "{60FEBABD-51B1-44F9-BE94-F753D1F85C04}"
EndProject
Project("{2150E333-8FDC-42A3-9474-1A3956D46DE8}") = "Tests", "Tests", "{827A8731-A049-4806-AF0C-B99C1FA83FD3}"
EndProject
Project("{FAE04EC0-301F-11D3-BF4B-00C04F79EFBC}") = "V6Common_Test", "..\..\Common\V6Common_Test\V6Common_Test.csproj", "{D7B2CE95-8C19-4802-A8B0-FA4B512BC2F2}"
EndProject
Project("{2150E333-8FDC-42A3-9474-1A3956D46DE8}") = "Models", "Models", "{8FD6B893-13F3-439D-B70F-77A40E8965AE}"
EndProject
Project("{FAE04EC0-301F-11D3-BF4B-00C04F79EFBC}") = "V6Web_Accounting_All", "V6Web_Accounting_All\V6Web_Accounting_All.csproj", "{9A131F10-6ABB-41F3-85F8-86EF1659039C}"
EndProject
Project("{FAE04EC0-301F-11D3-BF4B-00C04F79EFBC}") = "V6WebApi_Accounting", "V6WebApi_Accounting\V6WebApi_Accounting.csproj", "{47F537BB-79B6-484E-A376-6AB576BA3150}"
EndProject
Project("{2150E333-8FDC-42A3-9474-1A3956D46DE8}") = "Dll", "Dll", "{736DE991-7036-431F-A349-FA2690A20E34}"
EndProject
Project("{FAE04EC0-301F-11D3-BF4B-00C04F79EFBC}") = "V6AccountingBusiness", "..\..\Winform\V6AccountingB\V6AccountingBusiness\V6AccountingBusiness.csproj", "{5128FF85-304F-4943-853E-F8E3535DFB55}"
EndProject
Project("{FAE04EC0-301F-11D3-BF4B-00C04F79EFBC}") = "V6ControlManager", "..\..\Winform\V6AccountingB\V6ControlManager\V6ControlManager.csproj", "{5156F5A7-9F81-4B41-83B8-18BF669E5DC6}"
EndProject
Project("{FAE04EC0-301F-11D3-BF4B-00C04F79EFBC}") = "V6Controls", "..\..\Winform\V6Controls\V6Controls\V6Controls.csproj", "{311B600D-E1AE-4172-9CC6-1A24DBCD67C2}"
EndProject
Project("{FAE04EC0-301F-11D3-BF4B-00C04F79EFBC}") = "V6Init", "..\..\Winform\V6AccountingB\V6Init\V6Init.csproj", "{DA123B95-F8BC-4FE0-BCC9-8A47D3DA1CD3}"
EndProject
Project("{FAE04EC0-301F-11D3-BF4B-00C04F79EFBC}") = "V6ReportControls", "..\..\Winform\V6AccountingB\V6ReportControls\V6ReportControls.csproj", "{470AFD0C-9CC8-4CA1-8998-584A80775BD7}"
EndProject
Project("{FAE04EC0-301F-11D3-BF4B-00C04F79EFBC}") = "V6SqlConnect", "..\..\Winform\V6AccountingB\V6SqlConnect\V6SqlConnect.csproj", "{170DE623-8DE2-411C-8A9E-0738B8F5BD15}"
EndProject
Project("{FAE04EC0-301F-11D3-BF4B-00C04F79EFBC}") = "V6Tools", "..\..\Winform\V6Tools\V6Tools\V6Tools.csproj", "{4F797E67-948D-4EEC-ACD7-758028E9166F}"
EndProject
Project("{2150E333-8FDC-42A3-9474-1A3956D46DE8}") = "Win", "Win", "{87C84167-30E8-447A-8FC4-055815F939C9}"
EndProject
Project("{FAE04EC0-301F-11D3-BF4B-00C04F79EFBC}") = "V6AccountingB", "..\..\Winform\V6AccountingB\V6AccountingB\V6AccountingB.csproj", "{3ABF1967-7B6D-436C-B0BF-754671A8AA2D}"
EndProject
Project("{FAE04EC0-301F-11D3-BF4B-00C04F79EFBC}") = "ApiConnect", "..\..\Winform\ApiConnect\ApiConnect.csproj", "{ABC35001-3755-4AFF-88D6-B48598BBC651}"
EndProject
Project("{2150E333-8FDC-42A3-9474-1A3956D46DE8}") = "UnitTest", "UnitTest", "{6489BA8E-5403-41ED-877D-1D67BC5385EA}"
EndProject
Project("{FAE04EC0-301F-11D3-BF4B-00C04F79EFBC}") = "UnitTestApiConnect", "UnitTestApiConnect\UnitTestApiConnect.csproj", "{FFE82733-289E-4D81-8C92-60C6DDEAE197}"
EndProject
Project("{FAE04EC0-301F-11D3-BF4B-00C04F79EFBC}") = "DataAccessLayer", "DataAccessLayer\DataAccessLayer.csproj", "{8495B9F5-C1C1-4314-94C1-DD4C44EA12B5}"
EndProject
Project("{2150E333-8FDC-42A3-9474-1A3956D46DE8}") = "Structures", "Structures", "{B9CE19DE-A621-4914-B58A-3AFA92057AB5}"
EndProject
Project("{FAE04EC0-301F-11D3-BF4B-00C04F79EFBC}") = "V6Structs", "..\..\Winform\V6AccountingB\V6Structs\V6Structs.csproj", "{910141A1-9FC5-4A44-B682-425100FE9023}"
EndProject
Project("{2150E333-8FDC-42A3-9474-1A3956D46DE8}") = "Hprojects", "Hprojects", "{9442F353-D70C-45CB-9060-1D71ACEC9DE3}"
EndProject
Project("{FAE04EC0-301F-11D3-BF4B-00C04F79EFBC}") = "H_Document", "..\..\Winform\Hprojects\Hdocument\H_Document.csproj", "{C4AC374F-B5A7-4C2F-91FF-92284233F9A2}"
EndProject
Project("{FAE04EC0-301F-11D3-BF4B-00C04F79EFBC}") = "HaUtility", "..\..\Winform\Hprojects\HaUtility\HaUtility.csproj", "{0A11F974-1C92-457B-837A-911A8EF85055}"
EndProject
Global
	GlobalSection(SolutionConfigurationPlatforms) = preSolution
		Debug|Any CPU = Debug|Any CPU
		Debug|x86 = Debug|x86
		OData-debug|Any CPU = OData-debug|Any CPU
		OData-debug|x86 = OData-debug|x86
		Release|Any CPU = Release|Any CPU
		Release|x86 = Release|x86
	EndGlobalSection
	GlobalSection(ProjectConfigurationPlatforms) = postSolution
		{6052E170-F511-47AC-B457-214E633C7D1C}.Debug|Any CPU.ActiveCfg = Debug|Any CPU
		{6052E170-F511-47AC-B457-214E633C7D1C}.Debug|Any CPU.Build.0 = Debug|Any CPU
		{6052E170-F511-47AC-B457-214E633C7D1C}.Debug|x86.ActiveCfg = Debug|Any CPU
		{6052E170-F511-47AC-B457-214E633C7D1C}.OData-debug|Any CPU.ActiveCfg = Release|Any CPU
		{6052E170-F511-47AC-B457-214E633C7D1C}.OData-debug|Any CPU.Build.0 = Release|Any CPU
		{6052E170-F511-47AC-B457-214E633C7D1C}.OData-debug|x86.ActiveCfg = Release|Any CPU
		{6052E170-F511-47AC-B457-214E633C7D1C}.Release|Any CPU.ActiveCfg = Release|Any CPU
		{6052E170-F511-47AC-B457-214E633C7D1C}.Release|Any CPU.Build.0 = Release|Any CPU
		{6052E170-F511-47AC-B457-214E633C7D1C}.Release|x86.ActiveCfg = Release|Any CPU
		{316C4B01-A317-43D8-AAE8-7B4067F8DCA0}.Debug|Any CPU.ActiveCfg = Debug|Any CPU
		{316C4B01-A317-43D8-AAE8-7B4067F8DCA0}.Debug|Any CPU.Build.0 = Debug|Any CPU
		{316C4B01-A317-43D8-AAE8-7B4067F8DCA0}.Debug|x86.ActiveCfg = Debug|Any CPU
		{316C4B01-A317-43D8-AAE8-7B4067F8DCA0}.OData-debug|Any CPU.ActiveCfg = Release|Any CPU
		{316C4B01-A317-43D8-AAE8-7B4067F8DCA0}.OData-debug|Any CPU.Build.0 = Release|Any CPU
		{316C4B01-A317-43D8-AAE8-7B4067F8DCA0}.OData-debug|x86.ActiveCfg = Release|Any CPU
		{316C4B01-A317-43D8-AAE8-7B4067F8DCA0}.Release|Any CPU.ActiveCfg = Release|Any CPU
		{316C4B01-A317-43D8-AAE8-7B4067F8DCA0}.Release|Any CPU.Build.0 = Release|Any CPU
		{316C4B01-A317-43D8-AAE8-7B4067F8DCA0}.Release|x86.ActiveCfg = Release|Any CPU
		{7D7F610E-C0F5-4F12-A30B-2A89CD616A74}.Debug|Any CPU.ActiveCfg = Debug|Any CPU
		{7D7F610E-C0F5-4F12-A30B-2A89CD616A74}.Debug|Any CPU.Build.0 = Debug|Any CPU
		{7D7F610E-C0F5-4F12-A30B-2A89CD616A74}.Debug|x86.ActiveCfg = Debug|Any CPU
		{7D7F610E-C0F5-4F12-A30B-2A89CD616A74}.OData-debug|Any CPU.ActiveCfg = Release|Any CPU
		{7D7F610E-C0F5-4F12-A30B-2A89CD616A74}.OData-debug|Any CPU.Build.0 = Release|Any CPU
		{7D7F610E-C0F5-4F12-A30B-2A89CD616A74}.OData-debug|x86.ActiveCfg = Release|Any CPU
		{7D7F610E-C0F5-4F12-A30B-2A89CD616A74}.Release|Any CPU.ActiveCfg = Release|Any CPU
		{7D7F610E-C0F5-4F12-A30B-2A89CD616A74}.Release|Any CPU.Build.0 = Release|Any CPU
		{7D7F610E-C0F5-4F12-A30B-2A89CD616A74}.Release|x86.ActiveCfg = Release|Any CPU
		{8FAD678C-2FE7-4C59-A8A0-C8DA26B2541C}.Debug|Any CPU.ActiveCfg = Debug|Any CPU
		{8FAD678C-2FE7-4C59-A8A0-C8DA26B2541C}.Debug|Any CPU.Build.0 = Debug|Any CPU
		{8FAD678C-2FE7-4C59-A8A0-C8DA26B2541C}.Debug|x86.ActiveCfg = Debug|Any CPU
		{8FAD678C-2FE7-4C59-A8A0-C8DA26B2541C}.OData-debug|Any CPU.ActiveCfg = Release|Any CPU
		{8FAD678C-2FE7-4C59-A8A0-C8DA26B2541C}.OData-debug|Any CPU.Build.0 = Release|Any CPU
		{8FAD678C-2FE7-4C59-A8A0-C8DA26B2541C}.OData-debug|x86.ActiveCfg = Release|Any CPU
		{8FAD678C-2FE7-4C59-A8A0-C8DA26B2541C}.Release|Any CPU.ActiveCfg = Release|Any CPU
		{8FAD678C-2FE7-4C59-A8A0-C8DA26B2541C}.Release|Any CPU.Build.0 = Release|Any CPU
		{8FAD678C-2FE7-4C59-A8A0-C8DA26B2541C}.Release|x86.ActiveCfg = Release|Any CPU
		{60FEBABD-51B1-44F9-BE94-F753D1F85C04}.Debug|Any CPU.ActiveCfg = Debug|Any CPU
		{60FEBABD-51B1-44F9-BE94-F753D1F85C04}.Debug|Any CPU.Build.0 = Debug|Any CPU
		{60FEBABD-51B1-44F9-BE94-F753D1F85C04}.Debug|x86.ActiveCfg = Debug|Any CPU
		{60FEBABD-51B1-44F9-BE94-F753D1F85C04}.OData-debug|Any CPU.ActiveCfg = Release|Any CPU
		{60FEBABD-51B1-44F9-BE94-F753D1F85C04}.OData-debug|Any CPU.Build.0 = Release|Any CPU
		{60FEBABD-51B1-44F9-BE94-F753D1F85C04}.OData-debug|x86.ActiveCfg = Release|Any CPU
		{60FEBABD-51B1-44F9-BE94-F753D1F85C04}.Release|Any CPU.ActiveCfg = Release|Any CPU
		{60FEBABD-51B1-44F9-BE94-F753D1F85C04}.Release|Any CPU.Build.0 = Release|Any CPU
		{60FEBABD-51B1-44F9-BE94-F753D1F85C04}.Release|x86.ActiveCfg = Release|Any CPU
		{D7B2CE95-8C19-4802-A8B0-FA4B512BC2F2}.Debug|Any CPU.ActiveCfg = Debug|Any CPU
		{D7B2CE95-8C19-4802-A8B0-FA4B512BC2F2}.Debug|Any CPU.Build.0 = Debug|Any CPU
		{D7B2CE95-8C19-4802-A8B0-FA4B512BC2F2}.Debug|x86.ActiveCfg = Debug|Any CPU
		{D7B2CE95-8C19-4802-A8B0-FA4B512BC2F2}.OData-debug|Any CPU.ActiveCfg = Release|Any CPU
		{D7B2CE95-8C19-4802-A8B0-FA4B512BC2F2}.OData-debug|x86.ActiveCfg = Release|Any CPU
		{D7B2CE95-8C19-4802-A8B0-FA4B512BC2F2}.Release|Any CPU.ActiveCfg = Release|Any CPU
		{D7B2CE95-8C19-4802-A8B0-FA4B512BC2F2}.Release|Any CPU.Build.0 = Release|Any CPU
		{D7B2CE95-8C19-4802-A8B0-FA4B512BC2F2}.Release|x86.ActiveCfg = Release|Any CPU
		{9A131F10-6ABB-41F3-85F8-86EF1659039C}.Debug|Any CPU.ActiveCfg = Debug|Any CPU
		{9A131F10-6ABB-41F3-85F8-86EF1659039C}.Debug|Any CPU.Build.0 = Debug|Any CPU
		{9A131F10-6ABB-41F3-85F8-86EF1659039C}.Debug|x86.ActiveCfg = Debug|Any CPU
		{9A131F10-6ABB-41F3-85F8-86EF1659039C}.OData-debug|Any CPU.ActiveCfg = Release|Any CPU
		{9A131F10-6ABB-41F3-85F8-86EF1659039C}.OData-debug|Any CPU.Build.0 = Release|Any CPU
		{9A131F10-6ABB-41F3-85F8-86EF1659039C}.OData-debug|x86.ActiveCfg = Release|Any CPU
		{9A131F10-6ABB-41F3-85F8-86EF1659039C}.Release|Any CPU.ActiveCfg = Release|Any CPU
		{9A131F10-6ABB-41F3-85F8-86EF1659039C}.Release|Any CPU.Build.0 = Release|Any CPU
		{9A131F10-6ABB-41F3-85F8-86EF1659039C}.Release|x86.ActiveCfg = Release|Any CPU
		{47F537BB-79B6-484E-A376-6AB576BA3150}.Debug|Any CPU.ActiveCfg = Debug|Any CPU
		{47F537BB-79B6-484E-A376-6AB576BA3150}.Debug|Any CPU.Build.0 = Debug|Any CPU
		{47F537BB-79B6-484E-A376-6AB576BA3150}.Debug|x86.ActiveCfg = Debug|Any CPU
		{47F537BB-79B6-484E-A376-6AB576BA3150}.OData-debug|Any CPU.ActiveCfg = Release|Any CPU
		{47F537BB-79B6-484E-A376-6AB576BA3150}.OData-debug|Any CPU.Build.0 = Release|Any CPU
		{47F537BB-79B6-484E-A376-6AB576BA3150}.OData-debug|x86.ActiveCfg = Release|Any CPU
		{47F537BB-79B6-484E-A376-6AB576BA3150}.Release|Any CPU.ActiveCfg = Release|Any CPU
		{47F537BB-79B6-484E-A376-6AB576BA3150}.Release|Any CPU.Build.0 = Release|Any CPU
		{47F537BB-79B6-484E-A376-6AB576BA3150}.Release|x86.ActiveCfg = Release|Any CPU
		{5128FF85-304F-4943-853E-F8E3535DFB55}.Debug|Any CPU.ActiveCfg = Debug|Any CPU
		{5128FF85-304F-4943-853E-F8E3535DFB55}.Debug|Any CPU.Build.0 = Debug|Any CPU
		{5128FF85-304F-4943-853E-F8E3535DFB55}.Debug|x86.ActiveCfg = Debug|Any CPU
		{5128FF85-304F-4943-853E-F8E3535DFB55}.OData-debug|Any CPU.ActiveCfg = Release|Any CPU
		{5128FF85-304F-4943-853E-F8E3535DFB55}.OData-debug|Any CPU.Build.0 = Release|Any CPU
		{5128FF85-304F-4943-853E-F8E3535DFB55}.OData-debug|x86.ActiveCfg = Release|Any CPU
		{5128FF85-304F-4943-853E-F8E3535DFB55}.Release|Any CPU.ActiveCfg = Release|Any CPU
		{5128FF85-304F-4943-853E-F8E3535DFB55}.Release|Any CPU.Build.0 = Release|Any CPU
		{5128FF85-304F-4943-853E-F8E3535DFB55}.Release|x86.ActiveCfg = Release|Any CPU
		{5156F5A7-9F81-4B41-83B8-18BF669E5DC6}.Debug|Any CPU.ActiveCfg = Debug|Any CPU
		{5156F5A7-9F81-4B41-83B8-18BF669E5DC6}.Debug|Any CPU.Build.0 = Debug|Any CPU
		{5156F5A7-9F81-4B41-83B8-18BF669E5DC6}.Debug|x86.ActiveCfg = Debug|Any CPU
		{5156F5A7-9F81-4B41-83B8-18BF669E5DC6}.OData-debug|Any CPU.ActiveCfg = Release|Any CPU
		{5156F5A7-9F81-4B41-83B8-18BF669E5DC6}.OData-debug|Any CPU.Build.0 = Release|Any CPU
		{5156F5A7-9F81-4B41-83B8-18BF669E5DC6}.OData-debug|x86.ActiveCfg = Release|Any CPU
		{5156F5A7-9F81-4B41-83B8-18BF669E5DC6}.Release|Any CPU.ActiveCfg = Release|Any CPU
		{5156F5A7-9F81-4B41-83B8-18BF669E5DC6}.Release|Any CPU.Build.0 = Release|Any CPU
		{5156F5A7-9F81-4B41-83B8-18BF669E5DC6}.Release|x86.ActiveCfg = Release|Any CPU
		{311B600D-E1AE-4172-9CC6-1A24DBCD67C2}.Debug|Any CPU.ActiveCfg = Debug|Any CPU
		{311B600D-E1AE-4172-9CC6-1A24DBCD67C2}.Debug|Any CPU.Build.0 = Debug|Any CPU
		{311B600D-E1AE-4172-9CC6-1A24DBCD67C2}.Debug|x86.ActiveCfg = Debug|Any CPU
		{311B600D-E1AE-4172-9CC6-1A24DBCD67C2}.OData-debug|Any CPU.ActiveCfg = Release|Any CPU
		{311B600D-E1AE-4172-9CC6-1A24DBCD67C2}.OData-debug|Any CPU.Build.0 = Release|Any CPU
		{311B600D-E1AE-4172-9CC6-1A24DBCD67C2}.OData-debug|x86.ActiveCfg = Release|Any CPU
		{311B600D-E1AE-4172-9CC6-1A24DBCD67C2}.Release|Any CPU.ActiveCfg = Release|Any CPU
		{311B600D-E1AE-4172-9CC6-1A24DBCD67C2}.Release|Any CPU.Build.0 = Release|Any CPU
		{311B600D-E1AE-4172-9CC6-1A24DBCD67C2}.Release|x86.ActiveCfg = Release|Any CPU
		{DA123B95-F8BC-4FE0-BCC9-8A47D3DA1CD3}.Debug|Any CPU.ActiveCfg = Debug|Any CPU
		{DA123B95-F8BC-4FE0-BCC9-8A47D3DA1CD3}.Debug|Any CPU.Build.0 = Debug|Any CPU
		{DA123B95-F8BC-4FE0-BCC9-8A47D3DA1CD3}.Debug|x86.ActiveCfg = Debug|Any CPU
		{DA123B95-F8BC-4FE0-BCC9-8A47D3DA1CD3}.OData-debug|Any CPU.ActiveCfg = Release|Any CPU
		{DA123B95-F8BC-4FE0-BCC9-8A47D3DA1CD3}.OData-debug|Any CPU.Build.0 = Release|Any CPU
		{DA123B95-F8BC-4FE0-BCC9-8A47D3DA1CD3}.OData-debug|x86.ActiveCfg = Release|Any CPU
		{DA123B95-F8BC-4FE0-BCC9-8A47D3DA1CD3}.Release|Any CPU.ActiveCfg = Release|Any CPU
		{DA123B95-F8BC-4FE0-BCC9-8A47D3DA1CD3}.Release|Any CPU.Build.0 = Release|Any CPU
		{DA123B95-F8BC-4FE0-BCC9-8A47D3DA1CD3}.Release|x86.ActiveCfg = Release|Any CPU
		{470AFD0C-9CC8-4CA1-8998-584A80775BD7}.Debug|Any CPU.ActiveCfg = Debug|Any CPU
		{470AFD0C-9CC8-4CA1-8998-584A80775BD7}.Debug|Any CPU.Build.0 = Debug|Any CPU
		{470AFD0C-9CC8-4CA1-8998-584A80775BD7}.Debug|x86.ActiveCfg = Debug|Any CPU
		{470AFD0C-9CC8-4CA1-8998-584A80775BD7}.OData-debug|Any CPU.ActiveCfg = Release|Any CPU
		{470AFD0C-9CC8-4CA1-8998-584A80775BD7}.OData-debug|Any CPU.Build.0 = Release|Any CPU
		{470AFD0C-9CC8-4CA1-8998-584A80775BD7}.OData-debug|x86.ActiveCfg = Release|Any CPU
		{470AFD0C-9CC8-4CA1-8998-584A80775BD7}.Release|Any CPU.ActiveCfg = Release|Any CPU
		{470AFD0C-9CC8-4CA1-8998-584A80775BD7}.Release|Any CPU.Build.0 = Release|Any CPU
		{470AFD0C-9CC8-4CA1-8998-584A80775BD7}.Release|x86.ActiveCfg = Release|Any CPU
		{170DE623-8DE2-411C-8A9E-0738B8F5BD15}.Debug|Any CPU.ActiveCfg = Debug|Any CPU
		{170DE623-8DE2-411C-8A9E-0738B8F5BD15}.Debug|Any CPU.Build.0 = Debug|Any CPU
		{170DE623-8DE2-411C-8A9E-0738B8F5BD15}.Debug|x86.ActiveCfg = Debug|Any CPU
		{170DE623-8DE2-411C-8A9E-0738B8F5BD15}.OData-debug|Any CPU.ActiveCfg = Release|Any CPU
		{170DE623-8DE2-411C-8A9E-0738B8F5BD15}.OData-debug|Any CPU.Build.0 = Release|Any CPU
		{170DE623-8DE2-411C-8A9E-0738B8F5BD15}.OData-debug|x86.ActiveCfg = Release|Any CPU
		{170DE623-8DE2-411C-8A9E-0738B8F5BD15}.Release|Any CPU.ActiveCfg = Release|Any CPU
		{170DE623-8DE2-411C-8A9E-0738B8F5BD15}.Release|Any CPU.Build.0 = Release|Any CPU
		{170DE623-8DE2-411C-8A9E-0738B8F5BD15}.Release|x86.ActiveCfg = Release|Any CPU
		{4F797E67-948D-4EEC-ACD7-758028E9166F}.Debug|Any CPU.ActiveCfg = Debug|Any CPU
		{4F797E67-948D-4EEC-ACD7-758028E9166F}.Debug|Any CPU.Build.0 = Debug|Any CPU
		{4F797E67-948D-4EEC-ACD7-758028E9166F}.Debug|x86.ActiveCfg = Debug|x86
		{4F797E67-948D-4EEC-ACD7-758028E9166F}.Debug|x86.Build.0 = Debug|x86
		{4F797E67-948D-4EEC-ACD7-758028E9166F}.OData-debug|Any CPU.ActiveCfg = Release|Any CPU
		{4F797E67-948D-4EEC-ACD7-758028E9166F}.OData-debug|Any CPU.Build.0 = Release|Any CPU
		{4F797E67-948D-4EEC-ACD7-758028E9166F}.OData-debug|x86.ActiveCfg = Release|x86
		{4F797E67-948D-4EEC-ACD7-758028E9166F}.OData-debug|x86.Build.0 = Release|x86
		{4F797E67-948D-4EEC-ACD7-758028E9166F}.Release|Any CPU.ActiveCfg = Release|Any CPU
		{4F797E67-948D-4EEC-ACD7-758028E9166F}.Release|Any CPU.Build.0 = Release|Any CPU
		{4F797E67-948D-4EEC-ACD7-758028E9166F}.Release|x86.ActiveCfg = Release|x86
		{4F797E67-948D-4EEC-ACD7-758028E9166F}.Release|x86.Build.0 = Release|x86
		{3ABF1967-7B6D-436C-B0BF-754671A8AA2D}.Debug|Any CPU.ActiveCfg = Debug|Any CPU
		{3ABF1967-7B6D-436C-B0BF-754671A8AA2D}.Debug|Any CPU.Build.0 = Debug|Any CPU
		{3ABF1967-7B6D-436C-B0BF-754671A8AA2D}.Debug|x86.ActiveCfg = Debug|Any CPU
		{3ABF1967-7B6D-436C-B0BF-754671A8AA2D}.OData-debug|Any CPU.ActiveCfg = Release|Any CPU
		{3ABF1967-7B6D-436C-B0BF-754671A8AA2D}.OData-debug|Any CPU.Build.0 = Release|Any CPU
		{3ABF1967-7B6D-436C-B0BF-754671A8AA2D}.OData-debug|x86.ActiveCfg = Release|Any CPU
		{3ABF1967-7B6D-436C-B0BF-754671A8AA2D}.Release|Any CPU.ActiveCfg = Release|Any CPU
		{3ABF1967-7B6D-436C-B0BF-754671A8AA2D}.Release|Any CPU.Build.0 = Release|Any CPU
		{3ABF1967-7B6D-436C-B0BF-754671A8AA2D}.Release|x86.ActiveCfg = Release|Any CPU
		{ABC35001-3755-4AFF-88D6-B48598BBC651}.Debug|Any CPU.ActiveCfg = Debug|Any CPU
		{ABC35001-3755-4AFF-88D6-B48598BBC651}.Debug|Any CPU.Build.0 = Debug|Any CPU
		{ABC35001-3755-4AFF-88D6-B48598BBC651}.Debug|x86.ActiveCfg = Debug|Any CPU
		{ABC35001-3755-4AFF-88D6-B48598BBC651}.OData-debug|Any CPU.ActiveCfg = Release|Any CPU
		{ABC35001-3755-4AFF-88D6-B48598BBC651}.OData-debug|Any CPU.Build.0 = Release|Any CPU
		{ABC35001-3755-4AFF-88D6-B48598BBC651}.OData-debug|x86.ActiveCfg = Release|Any CPU
		{ABC35001-3755-4AFF-88D6-B48598BBC651}.Release|Any CPU.ActiveCfg = Release|Any CPU
		{ABC35001-3755-4AFF-88D6-B48598BBC651}.Release|Any CPU.Build.0 = Release|Any CPU
		{ABC35001-3755-4AFF-88D6-B48598BBC651}.Release|x86.ActiveCfg = Release|Any CPU
		{FFE82733-289E-4D81-8C92-60C6DDEAE197}.Debug|Any CPU.ActiveCfg = Debug|Any CPU
		{FFE82733-289E-4D81-8C92-60C6DDEAE197}.Debug|Any CPU.Build.0 = Debug|Any CPU
		{FFE82733-289E-4D81-8C92-60C6DDEAE197}.Debug|x86.ActiveCfg = Debug|Any CPU
		{FFE82733-289E-4D81-8C92-60C6DDEAE197}.Debug|x86.Build.0 = Debug|Any CPU
		{FFE82733-289E-4D81-8C92-60C6DDEAE197}.OData-debug|Any CPU.ActiveCfg = Release|Any CPU
		{FFE82733-289E-4D81-8C92-60C6DDEAE197}.OData-debug|Any CPU.Build.0 = Release|Any CPU
		{FFE82733-289E-4D81-8C92-60C6DDEAE197}.OData-debug|x86.ActiveCfg = Release|Any CPU
		{FFE82733-289E-4D81-8C92-60C6DDEAE197}.OData-debug|x86.Build.0 = Release|Any CPU
		{FFE82733-289E-4D81-8C92-60C6DDEAE197}.Release|Any CPU.ActiveCfg = Release|Any CPU
		{FFE82733-289E-4D81-8C92-60C6DDEAE197}.Release|Any CPU.Build.0 = Release|Any CPU
		{FFE82733-289E-4D81-8C92-60C6DDEAE197}.Release|x86.ActiveCfg = Release|Any CPU
		{FFE82733-289E-4D81-8C92-60C6DDEAE197}.Release|x86.Build.0 = Release|Any CPU
		{8495B9F5-C1C1-4314-94C1-DD4C44EA12B5}.Debug|Any CPU.ActiveCfg = Debug|Any CPU
		{8495B9F5-C1C1-4314-94C1-DD4C44EA12B5}.Debug|Any CPU.Build.0 = Debug|Any CPU
		{8495B9F5-C1C1-4314-94C1-DD4C44EA12B5}.Debug|x86.ActiveCfg = Debug|Any CPU
		{8495B9F5-C1C1-4314-94C1-DD4C44EA12B5}.Debug|x86.Build.0 = Debug|Any CPU
		{8495B9F5-C1C1-4314-94C1-DD4C44EA12B5}.OData-debug|Any CPU.ActiveCfg = Release|Any CPU
		{8495B9F5-C1C1-4314-94C1-DD4C44EA12B5}.OData-debug|Any CPU.Build.0 = Release|Any CPU
		{8495B9F5-C1C1-4314-94C1-DD4C44EA12B5}.OData-debug|x86.ActiveCfg = Release|Any CPU
		{8495B9F5-C1C1-4314-94C1-DD4C44EA12B5}.OData-debug|x86.Build.0 = Release|Any CPU
		{8495B9F5-C1C1-4314-94C1-DD4C44EA12B5}.Release|Any CPU.ActiveCfg = Release|Any CPU
		{8495B9F5-C1C1-4314-94C1-DD4C44EA12B5}.Release|Any CPU.Build.0 = Release|Any CPU
		{8495B9F5-C1C1-4314-94C1-DD4C44EA12B5}.Release|x86.ActiveCfg = Release|Any CPU
		{8495B9F5-C1C1-4314-94C1-DD4C44EA12B5}.Release|x86.Build.0 = Release|Any CPU
		{910141A1-9FC5-4A44-B682-425100FE9023}.Debug|Any CPU.ActiveCfg = Debug|Any CPU
		{910141A1-9FC5-4A44-B682-425100FE9023}.Debug|Any CPU.Build.0 = Debug|Any CPU
		{910141A1-9FC5-4A44-B682-425100FE9023}.Debug|x86.ActiveCfg = Debug|Any CPU
		{910141A1-9FC5-4A44-B682-425100FE9023}.OData-debug|Any CPU.ActiveCfg = Release|Any CPU
		{910141A1-9FC5-4A44-B682-425100FE9023}.OData-debug|Any CPU.Build.0 = Release|Any CPU
		{910141A1-9FC5-4A44-B682-425100FE9023}.OData-debug|x86.ActiveCfg = Release|Any CPU
		{910141A1-9FC5-4A44-B682-425100FE9023}.Release|Any CPU.ActiveCfg = Release|Any CPU
		{910141A1-9FC5-4A44-B682-425100FE9023}.Release|Any CPU.Build.0 = Release|Any CPU
		{910141A1-9FC5-4A44-B682-425100FE9023}.Release|x86.ActiveCfg = Release|Any CPU
		{C4AC374F-B5A7-4C2F-91FF-92284233F9A2}.Debug|Any CPU.ActiveCfg = Debug|Any CPU
		{C4AC374F-B5A7-4C2F-91FF-92284233F9A2}.Debug|Any CPU.Build.0 = Debug|Any CPU
		{C4AC374F-B5A7-4C2F-91FF-92284233F9A2}.Debug|x86.ActiveCfg = Debug|Any CPU
		{C4AC374F-B5A7-4C2F-91FF-92284233F9A2}.Debug|x86.Build.0 = Debug|Any CPU
		{C4AC374F-B5A7-4C2F-91FF-92284233F9A2}.OData-debug|Any CPU.ActiveCfg = Release|Any CPU
		{C4AC374F-B5A7-4C2F-91FF-92284233F9A2}.OData-debug|Any CPU.Build.0 = Release|Any CPU
		{C4AC374F-B5A7-4C2F-91FF-92284233F9A2}.OData-debug|x86.ActiveCfg = Release|Any CPU
		{C4AC374F-B5A7-4C2F-91FF-92284233F9A2}.OData-debug|x86.Build.0 = Release|Any CPU
		{C4AC374F-B5A7-4C2F-91FF-92284233F9A2}.Release|Any CPU.ActiveCfg = Release|Any CPU
		{C4AC374F-B5A7-4C2F-91FF-92284233F9A2}.Release|Any CPU.Build.0 = Release|Any CPU
		{C4AC374F-B5A7-4C2F-91FF-92284233F9A2}.Release|x86.ActiveCfg = Release|Any CPU
		{C4AC374F-B5A7-4C2F-91FF-92284233F9A2}.Release|x86.Build.0 = Release|Any CPU
		{0A11F974-1C92-457B-837A-911A8EF85055}.Debug|Any CPU.ActiveCfg = Debug|Any CPU
		{0A11F974-1C92-457B-837A-911A8EF85055}.Debug|Any CPU.Build.0 = Debug|Any CPU
		{0A11F974-1C92-457B-837A-911A8EF85055}.Debug|x86.ActiveCfg = Debug|Any CPU
		{0A11F974-1C92-457B-837A-911A8EF85055}.Debug|x86.Build.0 = Debug|Any CPU
		{0A11F974-1C92-457B-837A-911A8EF85055}.OData-debug|Any CPU.ActiveCfg = Release|Any CPU
		{0A11F974-1C92-457B-837A-911A8EF85055}.OData-debug|Any CPU.Build.0 = Release|Any CPU
		{0A11F974-1C92-457B-837A-911A8EF85055}.OData-debug|x86.ActiveCfg = Release|Any CPU
		{0A11F974-1C92-457B-837A-911A8EF85055}.OData-debug|x86.Build.0 = Release|Any CPU
		{0A11F974-1C92-457B-837A-911A8EF85055}.Release|Any CPU.ActiveCfg = Release|Any CPU
		{0A11F974-1C92-457B-837A-911A8EF85055}.Release|Any CPU.Build.0 = Release|Any CPU
		{0A11F974-1C92-457B-837A-911A8EF85055}.Release|x86.ActiveCfg = Release|Any CPU
		{0A11F974-1C92-457B-837A-911A8EF85055}.Release|x86.Build.0 = Release|Any CPU
	EndGlobalSection
	GlobalSection(SolutionProperties) = preSolution
		HideSolutionNode = FALSE
	EndGlobalSection
	GlobalSection(NestedProjects) = preSolution
		{6052E170-F511-47AC-B457-214E633C7D1C} = {E76228AD-9AE5-40D5-8821-7E3579B13E24}
		{316C4B01-A317-43D8-AAE8-7B4067F8DCA0} = {7B3C6CFD-6EC9-47E8-A0FE-085543468679}
		{7D7F610E-C0F5-4F12-A30B-2A89CD616A74} = {8502809A-7F32-46D5-9673-029BAF472ECA}
		{8FAD678C-2FE7-4C59-A8A0-C8DA26B2541C} = {8FD6B893-13F3-439D-B70F-77A40E8965AE}
		{60FEBABD-51B1-44F9-BE94-F753D1F85C04} = {8FD6B893-13F3-439D-B70F-77A40E8965AE}
		{D7B2CE95-8C19-4802-A8B0-FA4B512BC2F2} = {827A8731-A049-4806-AF0C-B99C1FA83FD3}
		{8FD6B893-13F3-439D-B70F-77A40E8965AE} = {7F3AF63C-9566-41E1-A674-B944809FE2CB}
		{9A131F10-6ABB-41F3-85F8-86EF1659039C} = {8502809A-7F32-46D5-9673-029BAF472ECA}
		{47F537BB-79B6-484E-A376-6AB576BA3150} = {8502809A-7F32-46D5-9673-029BAF472ECA}
		{5128FF85-304F-4943-853E-F8E3535DFB55} = {736DE991-7036-431F-A349-FA2690A20E34}
		{5156F5A7-9F81-4B41-83B8-18BF669E5DC6} = {736DE991-7036-431F-A349-FA2690A20E34}
		{311B600D-E1AE-4172-9CC6-1A24DBCD67C2} = {736DE991-7036-431F-A349-FA2690A20E34}
		{DA123B95-F8BC-4FE0-BCC9-8A47D3DA1CD3} = {736DE991-7036-431F-A349-FA2690A20E34}
		{470AFD0C-9CC8-4CA1-8998-584A80775BD7} = {736DE991-7036-431F-A349-FA2690A20E34}
		{170DE623-8DE2-411C-8A9E-0738B8F5BD15} = {736DE991-7036-431F-A349-FA2690A20E34}
		{4F797E67-948D-4EEC-ACD7-758028E9166F} = {736DE991-7036-431F-A349-FA2690A20E34}
		{3ABF1967-7B6D-436C-B0BF-754671A8AA2D} = {87C84167-30E8-447A-8FC4-055815F939C9}
		{ABC35001-3755-4AFF-88D6-B48598BBC651} = {736DE991-7036-431F-A349-FA2690A20E34}
		{FFE82733-289E-4D81-8C92-60C6DDEAE197} = {6489BA8E-5403-41ED-877D-1D67BC5385EA}
		{8495B9F5-C1C1-4314-94C1-DD4C44EA12B5} = {7B3C6CFD-6EC9-47E8-A0FE-085543468679}
		{B9CE19DE-A621-4914-B58A-3AFA92057AB5} = {736DE991-7036-431F-A349-FA2690A20E34}
		{910141A1-9FC5-4A44-B682-425100FE9023} = {B9CE19DE-A621-4914-B58A-3AFA92057AB5}
		{C4AC374F-B5A7-4C2F-91FF-92284233F9A2} = {9442F353-D70C-45CB-9060-1D71ACEC9DE3}
		{0A11F974-1C92-457B-837A-911A8EF85055} = {9442F353-D70C-45CB-9060-1D71ACEC9DE3}
	EndGlobalSection
	GlobalSection(ExtensibilityGlobals) = postSolution
		EnterpriseLibraryConfigurationToolBinariesPathV6 = ibrary.Common.6.0.1304.0\lib\NET45;ibrary.Logging.6.0.1304.0\lib\NET45;ibrary.ExceptionHandling.6.0.1304.0\lib\NET45;packages\EnterpriseLibrary.Common.6.0.1304.0\lib\NET45;packages\EnterpriseLibrary.ExceptionHandling.6.0.1304.0\lib\NET45;packages\EnterpriseLibrary.Logging.6.0.1304.0\lib\NET45
	EndGlobalSection
EndGlobal
