
Microsoft Visual Studio Solution File, Format Version 12.00
# Visual Studio 2013
VisualStudioVersion = 12.0.40629.0
MinimumVisualStudioVersion = 10.0.40219.1
Project("{FAE04EC0-301F-11D3-BF4B-00C04F79EFBC}") = "V6Tools", "..\..\..\..\..\Git\MicrosoftSource\Framework35\Winform\V6Tools\V6Tools\V6Tools.csproj", "{4F797E67-948D-4EEC-ACD7-758028E9166F}"
EndProject
Project("{FAE04EC0-301F-11D3-BF4B-00C04F79EFBC}") = "V6ThuePostBkavApi", "ApiConnect\V6ThuePostBkavApi.csproj", "{3D8928F4-81C7-443E-98B3-C155EEE33927}"
EndProject
Project("{FAE04EC0-301F-11D3-BF4B-00C04F79EFBC}") = "V6ThuePostBkav", "V6ThuePost\V6ThuePostBkav.csproj", "{CE245B2A-9CAF-4E2B-B015-EBC7F4E417A1}"
EndProject
Global
	GlobalSection(SolutionConfigurationPlatforms) = preSolution
		Debug|Any CPU = Debug|Any CPU
		Debug|x86 = Debug|x86
		Release|Any CPU = Release|Any CPU
		Release|x86 = Release|x86
	EndGlobalSection
	GlobalSection(ProjectConfigurationPlatforms) = postSolution
		{4F797E67-948D-4EEC-ACD7-758028E9166F}.Debug|Any CPU.ActiveCfg = Debug|Any CPU
		{4F797E67-948D-4EEC-ACD7-758028E9166F}.Debug|Any CPU.Build.0 = Debug|Any CPU
		{4F797E67-948D-4EEC-ACD7-758028E9166F}.Debug|x86.ActiveCfg = Debug|x86
		{4F797E67-948D-4EEC-ACD7-758028E9166F}.Debug|x86.Build.0 = Debug|x86
		{4F797E67-948D-4EEC-ACD7-758028E9166F}.Release|Any CPU.ActiveCfg = Release|Any CPU
		{4F797E67-948D-4EEC-ACD7-758028E9166F}.Release|Any CPU.Build.0 = Release|Any CPU
		{4F797E67-948D-4EEC-ACD7-758028E9166F}.Release|x86.ActiveCfg = Release|x86
		{4F797E67-948D-4EEC-ACD7-758028E9166F}.Release|x86.Build.0 = Release|x86
		{3D8928F4-81C7-443E-98B3-C155EEE33927}.Debug|Any CPU.ActiveCfg = Debug|Any CPU
		{3D8928F4-81C7-443E-98B3-C155EEE33927}.Debug|Any CPU.Build.0 = Debug|Any CPU
		{3D8928F4-81C7-443E-98B3-C155EEE33927}.Debug|x86.ActiveCfg = Debug|Any CPU
		{3D8928F4-81C7-443E-98B3-C155EEE33927}.Release|Any CPU.ActiveCfg = Release|Any CPU
		{3D8928F4-81C7-443E-98B3-C155EEE33927}.Release|Any CPU.Build.0 = Release|Any CPU
		{3D8928F4-81C7-443E-98B3-C155EEE33927}.Release|x86.ActiveCfg = Release|Any CPU
		{CE245B2A-9CAF-4E2B-B015-EBC7F4E417A1}.Debug|Any CPU.ActiveCfg = Debug|Any CPU
		{CE245B2A-9CAF-4E2B-B015-EBC7F4E417A1}.Debug|Any CPU.Build.0 = Debug|Any CPU
		{CE245B2A-9CAF-4E2B-B015-EBC7F4E417A1}.Debug|x86.ActiveCfg = Debug|Any CPU
		{CE245B2A-9CAF-4E2B-B015-EBC7F4E417A1}.Release|Any CPU.ActiveCfg = Release|Any CPU
		{CE245B2A-9CAF-4E2B-B015-EBC7F4E417A1}.Release|Any CPU.Build.0 = Release|Any CPU
		{CE245B2A-9CAF-4E2B-B015-EBC7F4E417A1}.Release|x86.ActiveCfg = Release|Any CPU
	EndGlobalSection
	GlobalSection(SolutionProperties) = preSolution
		HideSolutionNode = FALSE
	EndGlobalSection
EndGlobal
