
Microsoft Visual Studio Solution File, Format Version 12.00
# Visual Studio 2013
VisualStudioVersion = 12.0.21005.1
MinimumVisualStudioVersion = 10.0.40219.1
Project("{FAE04EC0-301F-11D3-BF4B-00C04F79EFBC}") = "V6ThuePostVNPT_78", "V6ThuePost\V6ThuePostVNPT_78.csproj", "{DAC2B0B5-8A98-461A-B5F2-7E7BC0DA144A}"
EndProject
Project("{FAE04EC0-301F-11D3-BF4B-00C04F79EFBC}") = "V6ThuePostVNPT_78Api", "ApiConnect\V6ThuePostVNPT_78Api.csproj", "{6D66BEAA-5350-4E97-B9E4-EA0EA1F15485}"
EndProject
Project("{FAE04EC0-301F-11D3-BF4B-00C04F79EFBC}") = "V6ThuePostObjects", "..\..\PostObjects\V6ThuePostObjects.csproj", "{14A2C520-1939-4B6A-B584-EE5797F26701}"
EndProject
Global
	GlobalSection(SolutionConfigurationPlatforms) = preSolution
		Debug|Any CPU = Debug|Any CPU
		Debug|x86 = Debug|x86
		Release|Any CPU = Release|Any CPU
		Release|x86 = Release|x86
	EndGlobalSection
	GlobalSection(ProjectConfigurationPlatforms) = postSolution
		{DAC2B0B5-8A98-461A-B5F2-7E7BC0DA144A}.Debug|Any CPU.ActiveCfg = Debug|Any CPU
		{DAC2B0B5-8A98-461A-B5F2-7E7BC0DA144A}.Debug|Any CPU.Build.0 = Debug|Any CPU
		{DAC2B0B5-8A98-461A-B5F2-7E7BC0DA144A}.Debug|x86.ActiveCfg = Debug|Any CPU
		{DAC2B0B5-8A98-461A-B5F2-7E7BC0DA144A}.Release|Any CPU.ActiveCfg = Release|Any CPU
		{DAC2B0B5-8A98-461A-B5F2-7E7BC0DA144A}.Release|Any CPU.Build.0 = Release|Any CPU
		{DAC2B0B5-8A98-461A-B5F2-7E7BC0DA144A}.Release|x86.ActiveCfg = Release|Any CPU
		{6D66BEAA-5350-4E97-B9E4-EA0EA1F15485}.Debug|Any CPU.ActiveCfg = Debug|Any CPU
		{6D66BEAA-5350-4E97-B9E4-EA0EA1F15485}.Debug|Any CPU.Build.0 = Debug|Any CPU
		{6D66BEAA-5350-4E97-B9E4-EA0EA1F15485}.Debug|x86.ActiveCfg = Debug|Any CPU
		{6D66BEAA-5350-4E97-B9E4-EA0EA1F15485}.Release|Any CPU.ActiveCfg = Release|Any CPU
		{6D66BEAA-5350-4E97-B9E4-EA0EA1F15485}.Release|Any CPU.Build.0 = Release|Any CPU
		{6D66BEAA-5350-4E97-B9E4-EA0EA1F15485}.Release|x86.ActiveCfg = Release|Any CPU
		{14A2C520-1939-4B6A-B584-EE5797F26701}.Debug|Any CPU.ActiveCfg = Debug|Any CPU
		{14A2C520-1939-4B6A-B584-EE5797F26701}.Debug|Any CPU.Build.0 = Debug|Any CPU
		{14A2C520-1939-4B6A-B584-EE5797F26701}.Debug|x86.ActiveCfg = Debug|Any CPU
		{14A2C520-1939-4B6A-B584-EE5797F26701}.Release|Any CPU.ActiveCfg = Release|Any CPU
		{14A2C520-1939-4B6A-B584-EE5797F26701}.Release|Any CPU.Build.0 = Release|Any CPU
		{14A2C520-1939-4B6A-B584-EE5797F26701}.Release|x86.ActiveCfg = Release|Any CPU
	EndGlobalSection
	GlobalSection(SolutionProperties) = preSolution
		HideSolutionNode = FALSE
	EndGlobalSection
EndGlobal
