
Microsoft Visual Studio Solution File, Format Version 12.00
# Visual Studio 2013
VisualStudioVersion = 12.0.21005.1
MinimumVisualStudioVersion = 10.0.40219.1
Project("{FAE04EC0-301F-11D3-BF4B-00C04F79EFBC}") = "V6AccountingB", "V6AccountingB\V6AccountingB.csproj", "{3ABF1967-7B6D-436C-B0BF-754671A8AA2D}"
EndProject
Project("{2150E333-8FDC-42A3-9474-1A3956D46DE8}") = "Web", "Web", "{FBD6028D-ED2F-47A0-AE60-C4C2A8E6AD93}"
EndProject
Project("{2150E333-8FDC-42A3-9474-1A3956D46DE8}") = "Win", "Win", "{F7F628AE-75CF-4448-960F-894FEB788F02}"
EndProject
Project("{2150E333-8FDC-42A3-9474-1A3956D46DE8}") = "Dll", "Dll", "{57380B2D-A28D-405F-B3EA-9A1FFBFDCBC0}"
EndProject
Project("{FAE04EC0-301F-11D3-BF4B-00C04F79EFBC}") = "V6SqlConnect", "V6SqlConnect\V6SqlConnect.csproj", "{170DE623-8DE2-411C-8A9E-0738B8F5BD15}"
EndProject
Project("{FAE04EC0-301F-11D3-BF4B-00C04F79EFBC}") = "V6AccountingBusiness", "V6AccountingBusiness\V6AccountingBusiness.csproj", "{5128FF85-304F-4943-853E-F8E3535DFB55}"
EndProject
Project("{FAE04EC0-301F-11D3-BF4B-00C04F79EFBC}") = "V6Controls", "..\V6Controls\V6Controls\V6Controls.csproj", "{311B600D-E1AE-4172-9CC6-1A24DBCD67C2}"
EndProject
Project("{FAE04EC0-301F-11D3-BF4B-00C04F79EFBC}") = "V6Tools", "..\V6Tools\V6Tools\V6Tools.csproj", "{4F797E67-948D-4EEC-ACD7-758028E9166F}"
EndProject
Project("{FAE04EC0-301F-11D3-BF4B-00C04F79EFBC}") = "V6ControlManager", "V6ControlManager\V6ControlManager.csproj", "{5156F5A7-9F81-4B41-83B8-18BF669E5DC6}"
EndProject
Project("{2150E333-8FDC-42A3-9474-1A3956D46DE8}") = "Structures", "Structures", "{5DA88B50-0490-4518-A4BD-E3E1A6C8C8C7}"
EndProject
Project("{FAE04EC0-301F-11D3-BF4B-00C04F79EFBC}") = "V6Structs", "V6Structs\V6Structs.csproj", "{910141A1-9FC5-4A44-B682-425100FE9023}"
EndProject
Project("{2150E333-8FDC-42A3-9474-1A3956D46DE8}") = "Service", "Service", "{524692A1-4E6C-42FE-AF4D-484FB68214A6}"
EndProject
Project("{FAE04EC0-301F-11D3-BF4B-00C04F79EFBC}") = "DataAccessLayer", "..\..\Web\V6Web_Accounting\DataAccessLayer\DataAccessLayer.csproj", "{8495B9F5-C1C1-4314-94C1-DD4C44EA12B5}"
EndProject
Project("{FAE04EC0-301F-11D3-BF4B-00C04F79EFBC}") = "SevenZip", "7zip\SevenZip.csproj", "{1FC63292-A994-4371-98C0-72564B12296F}"
EndProject
Project("{FAE04EC0-301F-11D3-BF4B-00C04F79EFBC}") = "ApiConnect", "..\ApiConnect\ApiConnect.csproj", "{ABC35001-3755-4AFF-88D6-B48598BBC651}"
EndProject
Project("{2150E333-8FDC-42A3-9474-1A3956D46DE8}") = "HProjects", "HProjects", "{E5E6B757-ACCD-4C14-B207-DD22A773F96B}"
EndProject
Project("{FAE04EC0-301F-11D3-BF4B-00C04F79EFBC}") = "H_Document", "..\Hprojects\Hdocument\H_Document.csproj", "{C4AC374F-B5A7-4C2F-91FF-92284233F9A2}"
EndProject
Project("{FAE04EC0-301F-11D3-BF4B-00C04F79EFBC}") = "HaUtility", "..\Hprojects\HaUtility\HaUtility.csproj", "{0A11F974-1C92-457B-837A-911A8EF85055}"
EndProject
Project("{FAE04EC0-301F-11D3-BF4B-00C04F79EFBC}") = "V6BarcodeLib", "..\V6BarcodeLib\V6BarcodeLib.csproj", "{F8646414-0C9C-49BB-9DA3-3923BF78A398}"
EndProject
Project("{FAE04EC0-301F-11D3-BF4B-00C04F79EFBC}") = "V6ThuePostApi", "V6ThuePostApi\V6ThuePostApi.csproj", "{4AF9BDE9-3E91-4035-BB20-2CFC1E0E54A6}"
EndProject
Project("{2150E333-8FDC-42A3-9474-1A3956D46DE8}") = "Sms", "Sms", "{6F6F4CB7-BE58-4515-AE2C-E757F53628A3}"
EndProject
Project("{FAE04EC0-301F-11D3-BF4B-00C04F79EFBC}") = "GsmSerialPort", "..\Hprojects\GsmSerialPort\GsmSerialPort.csproj", "{0A85D3E6-9463-4E5A-A001-DD2401EC190A}"
EndProject
Project("{FAE04EC0-301F-11D3-BF4B-00C04F79EFBC}") = "GsmModem", "..\Hprojects\GsmModem\GsmModem.csproj", "{C76A2608-2BEF-4398-95EC-C8C418828DDE}"
EndProject
Global
	GlobalSection(SolutionConfigurationPlatforms) = preSolution
		Debug|Any CPU = Debug|Any CPU
		Debug|Mixed Platforms = Debug|Mixed Platforms
		Debug|x86 = Debug|x86
		Release|Any CPU = Release|Any CPU
		Release|Mixed Platforms = Release|Mixed Platforms
		Release|x86 = Release|x86
	EndGlobalSection
	GlobalSection(ProjectConfigurationPlatforms) = postSolution
		{3ABF1967-7B6D-436C-B0BF-754671A8AA2D}.Debug|Any CPU.ActiveCfg = Debug|Any CPU
		{3ABF1967-7B6D-436C-B0BF-754671A8AA2D}.Debug|Any CPU.Build.0 = Debug|Any CPU
		{3ABF1967-7B6D-436C-B0BF-754671A8AA2D}.Debug|Mixed Platforms.ActiveCfg = Debug|Any CPU
		{3ABF1967-7B6D-436C-B0BF-754671A8AA2D}.Debug|Mixed Platforms.Build.0 = Debug|Any CPU
		{3ABF1967-7B6D-436C-B0BF-754671A8AA2D}.Debug|x86.ActiveCfg = Debug|Any CPU
		{3ABF1967-7B6D-436C-B0BF-754671A8AA2D}.Release|Any CPU.ActiveCfg = Release|Any CPU
		{3ABF1967-7B6D-436C-B0BF-754671A8AA2D}.Release|Any CPU.Build.0 = Release|Any CPU
		{3ABF1967-7B6D-436C-B0BF-754671A8AA2D}.Release|Mixed Platforms.ActiveCfg = Release|Any CPU
		{3ABF1967-7B6D-436C-B0BF-754671A8AA2D}.Release|Mixed Platforms.Build.0 = Release|Any CPU
		{3ABF1967-7B6D-436C-B0BF-754671A8AA2D}.Release|x86.ActiveCfg = Release|Any CPU
		{170DE623-8DE2-411C-8A9E-0738B8F5BD15}.Debug|Any CPU.ActiveCfg = Debug|Any CPU
		{170DE623-8DE2-411C-8A9E-0738B8F5BD15}.Debug|Any CPU.Build.0 = Debug|Any CPU
		{170DE623-8DE2-411C-8A9E-0738B8F5BD15}.Debug|Mixed Platforms.ActiveCfg = Debug|Any CPU
		{170DE623-8DE2-411C-8A9E-0738B8F5BD15}.Debug|Mixed Platforms.Build.0 = Debug|Any CPU
		{170DE623-8DE2-411C-8A9E-0738B8F5BD15}.Debug|x86.ActiveCfg = Debug|Any CPU
		{170DE623-8DE2-411C-8A9E-0738B8F5BD15}.Release|Any CPU.ActiveCfg = Release|Any CPU
		{170DE623-8DE2-411C-8A9E-0738B8F5BD15}.Release|Any CPU.Build.0 = Release|Any CPU
		{170DE623-8DE2-411C-8A9E-0738B8F5BD15}.Release|Mixed Platforms.ActiveCfg = Release|Any CPU
		{170DE623-8DE2-411C-8A9E-0738B8F5BD15}.Release|Mixed Platforms.Build.0 = Release|Any CPU
		{170DE623-8DE2-411C-8A9E-0738B8F5BD15}.Release|x86.ActiveCfg = Release|Any CPU
		{5128FF85-304F-4943-853E-F8E3535DFB55}.Debug|Any CPU.ActiveCfg = Debug|Any CPU
		{5128FF85-304F-4943-853E-F8E3535DFB55}.Debug|Any CPU.Build.0 = Debug|Any CPU
		{5128FF85-304F-4943-853E-F8E3535DFB55}.Debug|Mixed Platforms.ActiveCfg = Debug|Any CPU
		{5128FF85-304F-4943-853E-F8E3535DFB55}.Debug|Mixed Platforms.Build.0 = Debug|Any CPU
		{5128FF85-304F-4943-853E-F8E3535DFB55}.Debug|x86.ActiveCfg = Debug|Any CPU
		{5128FF85-304F-4943-853E-F8E3535DFB55}.Release|Any CPU.ActiveCfg = Release|Any CPU
		{5128FF85-304F-4943-853E-F8E3535DFB55}.Release|Any CPU.Build.0 = Release|Any CPU
		{5128FF85-304F-4943-853E-F8E3535DFB55}.Release|Mixed Platforms.ActiveCfg = Release|Any CPU
		{5128FF85-304F-4943-853E-F8E3535DFB55}.Release|Mixed Platforms.Build.0 = Release|Any CPU
		{5128FF85-304F-4943-853E-F8E3535DFB55}.Release|x86.ActiveCfg = Release|Any CPU
		{311B600D-E1AE-4172-9CC6-1A24DBCD67C2}.Debug|Any CPU.ActiveCfg = Debug|Any CPU
		{311B600D-E1AE-4172-9CC6-1A24DBCD67C2}.Debug|Any CPU.Build.0 = Debug|Any CPU
		{311B600D-E1AE-4172-9CC6-1A24DBCD67C2}.Debug|Mixed Platforms.ActiveCfg = Debug|Any CPU
		{311B600D-E1AE-4172-9CC6-1A24DBCD67C2}.Debug|Mixed Platforms.Build.0 = Debug|Any CPU
		{311B600D-E1AE-4172-9CC6-1A24DBCD67C2}.Debug|x86.ActiveCfg = Debug|Any CPU
		{311B600D-E1AE-4172-9CC6-1A24DBCD67C2}.Release|Any CPU.ActiveCfg = Release|Any CPU
		{311B600D-E1AE-4172-9CC6-1A24DBCD67C2}.Release|Any CPU.Build.0 = Release|Any CPU
		{311B600D-E1AE-4172-9CC6-1A24DBCD67C2}.Release|Mixed Platforms.ActiveCfg = Release|Any CPU
		{311B600D-E1AE-4172-9CC6-1A24DBCD67C2}.Release|Mixed Platforms.Build.0 = Release|Any CPU
		{311B600D-E1AE-4172-9CC6-1A24DBCD67C2}.Release|x86.ActiveCfg = Release|Any CPU
		{4F797E67-948D-4EEC-ACD7-758028E9166F}.Debug|Any CPU.ActiveCfg = Debug|Any CPU
		{4F797E67-948D-4EEC-ACD7-758028E9166F}.Debug|Any CPU.Build.0 = Debug|Any CPU
		{4F797E67-948D-4EEC-ACD7-758028E9166F}.Debug|Mixed Platforms.ActiveCfg = Debug|x86
		{4F797E67-948D-4EEC-ACD7-758028E9166F}.Debug|Mixed Platforms.Build.0 = Debug|x86
		{4F797E67-948D-4EEC-ACD7-758028E9166F}.Debug|x86.ActiveCfg = Debug|x86
		{4F797E67-948D-4EEC-ACD7-758028E9166F}.Debug|x86.Build.0 = Debug|x86
		{4F797E67-948D-4EEC-ACD7-758028E9166F}.Release|Any CPU.ActiveCfg = Release|Any CPU
		{4F797E67-948D-4EEC-ACD7-758028E9166F}.Release|Any CPU.Build.0 = Release|Any CPU
		{4F797E67-948D-4EEC-ACD7-758028E9166F}.Release|Mixed Platforms.ActiveCfg = Release|x86
		{4F797E67-948D-4EEC-ACD7-758028E9166F}.Release|Mixed Platforms.Build.0 = Release|x86
		{4F797E67-948D-4EEC-ACD7-758028E9166F}.Release|x86.ActiveCfg = Release|x86
		{4F797E67-948D-4EEC-ACD7-758028E9166F}.Release|x86.Build.0 = Release|x86
		{5156F5A7-9F81-4B41-83B8-18BF669E5DC6}.Debug|Any CPU.ActiveCfg = Debug|Any CPU
		{5156F5A7-9F81-4B41-83B8-18BF669E5DC6}.Debug|Any CPU.Build.0 = Debug|Any CPU
		{5156F5A7-9F81-4B41-83B8-18BF669E5DC6}.Debug|Mixed Platforms.ActiveCfg = Debug|Any CPU
		{5156F5A7-9F81-4B41-83B8-18BF669E5DC6}.Debug|Mixed Platforms.Build.0 = Debug|Any CPU
		{5156F5A7-9F81-4B41-83B8-18BF669E5DC6}.Debug|x86.ActiveCfg = Debug|Any CPU
		{5156F5A7-9F81-4B41-83B8-18BF669E5DC6}.Release|Any CPU.ActiveCfg = Release|Any CPU
		{5156F5A7-9F81-4B41-83B8-18BF669E5DC6}.Release|Any CPU.Build.0 = Release|Any CPU
		{5156F5A7-9F81-4B41-83B8-18BF669E5DC6}.Release|Mixed Platforms.ActiveCfg = Release|Any CPU
		{5156F5A7-9F81-4B41-83B8-18BF669E5DC6}.Release|Mixed Platforms.Build.0 = Release|Any CPU
		{5156F5A7-9F81-4B41-83B8-18BF669E5DC6}.Release|x86.ActiveCfg = Release|Any CPU
		{910141A1-9FC5-4A44-B682-425100FE9023}.Debug|Any CPU.ActiveCfg = Debug|Any CPU
		{910141A1-9FC5-4A44-B682-425100FE9023}.Debug|Any CPU.Build.0 = Debug|Any CPU
		{910141A1-9FC5-4A44-B682-425100FE9023}.Debug|Mixed Platforms.ActiveCfg = Debug|Any CPU
		{910141A1-9FC5-4A44-B682-425100FE9023}.Debug|Mixed Platforms.Build.0 = Debug|Any CPU
		{910141A1-9FC5-4A44-B682-425100FE9023}.Debug|x86.ActiveCfg = Debug|Any CPU
		{910141A1-9FC5-4A44-B682-425100FE9023}.Release|Any CPU.ActiveCfg = Release|Any CPU
		{910141A1-9FC5-4A44-B682-425100FE9023}.Release|Any CPU.Build.0 = Release|Any CPU
		{910141A1-9FC5-4A44-B682-425100FE9023}.Release|Mixed Platforms.ActiveCfg = Release|Any CPU
		{910141A1-9FC5-4A44-B682-425100FE9023}.Release|Mixed Platforms.Build.0 = Release|Any CPU
		{910141A1-9FC5-4A44-B682-425100FE9023}.Release|x86.ActiveCfg = Release|Any CPU
		{8495B9F5-C1C1-4314-94C1-DD4C44EA12B5}.Debug|Any CPU.ActiveCfg = Debug|Any CPU
		{8495B9F5-C1C1-4314-94C1-DD4C44EA12B5}.Debug|Any CPU.Build.0 = Debug|Any CPU
		{8495B9F5-C1C1-4314-94C1-DD4C44EA12B5}.Debug|Mixed Platforms.ActiveCfg = Debug|Any CPU
		{8495B9F5-C1C1-4314-94C1-DD4C44EA12B5}.Debug|Mixed Platforms.Build.0 = Debug|Any CPU
		{8495B9F5-C1C1-4314-94C1-DD4C44EA12B5}.Debug|x86.ActiveCfg = Debug|Any CPU
		{8495B9F5-C1C1-4314-94C1-DD4C44EA12B5}.Release|Any CPU.ActiveCfg = Release|Any CPU
		{8495B9F5-C1C1-4314-94C1-DD4C44EA12B5}.Release|Any CPU.Build.0 = Release|Any CPU
		{8495B9F5-C1C1-4314-94C1-DD4C44EA12B5}.Release|Mixed Platforms.ActiveCfg = Release|Any CPU
		{8495B9F5-C1C1-4314-94C1-DD4C44EA12B5}.Release|Mixed Platforms.Build.0 = Release|Any CPU
		{8495B9F5-C1C1-4314-94C1-DD4C44EA12B5}.Release|x86.ActiveCfg = Release|Any CPU
		{1FC63292-A994-4371-98C0-72564B12296F}.Debug|Any CPU.ActiveCfg = Debug|Any CPU
		{1FC63292-A994-4371-98C0-72564B12296F}.Debug|Any CPU.Build.0 = Debug|Any CPU
		{1FC63292-A994-4371-98C0-72564B12296F}.Debug|Mixed Platforms.ActiveCfg = Debug|Any CPU
		{1FC63292-A994-4371-98C0-72564B12296F}.Debug|Mixed Platforms.Build.0 = Debug|Any CPU
		{1FC63292-A994-4371-98C0-72564B12296F}.Debug|x86.ActiveCfg = Debug|Any CPU
		{1FC63292-A994-4371-98C0-72564B12296F}.Release|Any CPU.ActiveCfg = Release|Any CPU
		{1FC63292-A994-4371-98C0-72564B12296F}.Release|Any CPU.Build.0 = Release|Any CPU
		{1FC63292-A994-4371-98C0-72564B12296F}.Release|Mixed Platforms.ActiveCfg = Release|Any CPU
		{1FC63292-A994-4371-98C0-72564B12296F}.Release|Mixed Platforms.Build.0 = Release|Any CPU
		{1FC63292-A994-4371-98C0-72564B12296F}.Release|x86.ActiveCfg = Release|Any CPU
		{ABC35001-3755-4AFF-88D6-B48598BBC651}.Debug|Any CPU.ActiveCfg = Debug|Any CPU
		{ABC35001-3755-4AFF-88D6-B48598BBC651}.Debug|Any CPU.Build.0 = Debug|Any CPU
		{ABC35001-3755-4AFF-88D6-B48598BBC651}.Debug|Mixed Platforms.ActiveCfg = Debug|Any CPU
		{ABC35001-3755-4AFF-88D6-B48598BBC651}.Debug|Mixed Platforms.Build.0 = Debug|Any CPU
		{ABC35001-3755-4AFF-88D6-B48598BBC651}.Debug|x86.ActiveCfg = Debug|Any CPU
		{ABC35001-3755-4AFF-88D6-B48598BBC651}.Debug|x86.Build.0 = Debug|Any CPU
		{ABC35001-3755-4AFF-88D6-B48598BBC651}.Release|Any CPU.ActiveCfg = Release|Any CPU
		{ABC35001-3755-4AFF-88D6-B48598BBC651}.Release|Any CPU.Build.0 = Release|Any CPU
		{ABC35001-3755-4AFF-88D6-B48598BBC651}.Release|Mixed Platforms.ActiveCfg = Release|Any CPU
		{ABC35001-3755-4AFF-88D6-B48598BBC651}.Release|Mixed Platforms.Build.0 = Release|Any CPU
		{ABC35001-3755-4AFF-88D6-B48598BBC651}.Release|x86.ActiveCfg = Release|Any CPU
		{ABC35001-3755-4AFF-88D6-B48598BBC651}.Release|x86.Build.0 = Release|Any CPU
		{C4AC374F-B5A7-4C2F-91FF-92284233F9A2}.Debug|Any CPU.ActiveCfg = Debug|Any CPU
		{C4AC374F-B5A7-4C2F-91FF-92284233F9A2}.Debug|Any CPU.Build.0 = Debug|Any CPU
		{C4AC374F-B5A7-4C2F-91FF-92284233F9A2}.Debug|Mixed Platforms.ActiveCfg = Debug|Any CPU
		{C4AC374F-B5A7-4C2F-91FF-92284233F9A2}.Debug|Mixed Platforms.Build.0 = Debug|Any CPU
		{C4AC374F-B5A7-4C2F-91FF-92284233F9A2}.Debug|x86.ActiveCfg = Debug|Any CPU
		{C4AC374F-B5A7-4C2F-91FF-92284233F9A2}.Debug|x86.Build.0 = Debug|Any CPU
		{C4AC374F-B5A7-4C2F-91FF-92284233F9A2}.Release|Any CPU.ActiveCfg = Release|Any CPU
		{C4AC374F-B5A7-4C2F-91FF-92284233F9A2}.Release|Any CPU.Build.0 = Release|Any CPU
		{C4AC374F-B5A7-4C2F-91FF-92284233F9A2}.Release|Mixed Platforms.ActiveCfg = Release|Any CPU
		{C4AC374F-B5A7-4C2F-91FF-92284233F9A2}.Release|Mixed Platforms.Build.0 = Release|Any CPU
		{C4AC374F-B5A7-4C2F-91FF-92284233F9A2}.Release|x86.ActiveCfg = Release|Any CPU
		{C4AC374F-B5A7-4C2F-91FF-92284233F9A2}.Release|x86.Build.0 = Release|Any CPU
		{0A11F974-1C92-457B-837A-911A8EF85055}.Debug|Any CPU.ActiveCfg = Debug|Any CPU
		{0A11F974-1C92-457B-837A-911A8EF85055}.Debug|Any CPU.Build.0 = Debug|Any CPU
		{0A11F974-1C92-457B-837A-911A8EF85055}.Debug|Mixed Platforms.ActiveCfg = Debug|Any CPU
		{0A11F974-1C92-457B-837A-911A8EF85055}.Debug|Mixed Platforms.Build.0 = Debug|Any CPU
		{0A11F974-1C92-457B-837A-911A8EF85055}.Debug|x86.ActiveCfg = Debug|Any CPU
		{0A11F974-1C92-457B-837A-911A8EF85055}.Debug|x86.Build.0 = Debug|Any CPU
		{0A11F974-1C92-457B-837A-911A8EF85055}.Release|Any CPU.ActiveCfg = Release|Any CPU
		{0A11F974-1C92-457B-837A-911A8EF85055}.Release|Any CPU.Build.0 = Release|Any CPU
		{0A11F974-1C92-457B-837A-911A8EF85055}.Release|Mixed Platforms.ActiveCfg = Release|Any CPU
		{0A11F974-1C92-457B-837A-911A8EF85055}.Release|Mixed Platforms.Build.0 = Release|Any CPU
		{0A11F974-1C92-457B-837A-911A8EF85055}.Release|x86.ActiveCfg = Release|Any CPU
		{0A11F974-1C92-457B-837A-911A8EF85055}.Release|x86.Build.0 = Release|Any CPU
		{F8646414-0C9C-49BB-9DA3-3923BF78A398}.Debug|Any CPU.ActiveCfg = Debug|Any CPU
		{F8646414-0C9C-49BB-9DA3-3923BF78A398}.Debug|Any CPU.Build.0 = Debug|Any CPU
		{F8646414-0C9C-49BB-9DA3-3923BF78A398}.Debug|Mixed Platforms.ActiveCfg = Debug|x86
		{F8646414-0C9C-49BB-9DA3-3923BF78A398}.Debug|Mixed Platforms.Build.0 = Debug|x86
		{F8646414-0C9C-49BB-9DA3-3923BF78A398}.Debug|x86.ActiveCfg = Debug|x86
		{F8646414-0C9C-49BB-9DA3-3923BF78A398}.Debug|x86.Build.0 = Debug|x86
		{F8646414-0C9C-49BB-9DA3-3923BF78A398}.Release|Any CPU.ActiveCfg = Release|Any CPU
		{F8646414-0C9C-49BB-9DA3-3923BF78A398}.Release|Any CPU.Build.0 = Release|Any CPU
		{F8646414-0C9C-49BB-9DA3-3923BF78A398}.Release|Mixed Platforms.ActiveCfg = Release|x86
		{F8646414-0C9C-49BB-9DA3-3923BF78A398}.Release|Mixed Platforms.Build.0 = Release|x86
		{F8646414-0C9C-49BB-9DA3-3923BF78A398}.Release|x86.ActiveCfg = Release|x86
		{F8646414-0C9C-49BB-9DA3-3923BF78A398}.Release|x86.Build.0 = Release|x86
		{4AF9BDE9-3E91-4035-BB20-2CFC1E0E54A6}.Debug|Any CPU.ActiveCfg = Debug|Any CPU
		{4AF9BDE9-3E91-4035-BB20-2CFC1E0E54A6}.Debug|Any CPU.Build.0 = Debug|Any CPU
		{4AF9BDE9-3E91-4035-BB20-2CFC1E0E54A6}.Debug|Mixed Platforms.ActiveCfg = Debug|Any CPU
		{4AF9BDE9-3E91-4035-BB20-2CFC1E0E54A6}.Debug|Mixed Platforms.Build.0 = Debug|Any CPU
		{4AF9BDE9-3E91-4035-BB20-2CFC1E0E54A6}.Debug|x86.ActiveCfg = Debug|Any CPU
		{4AF9BDE9-3E91-4035-BB20-2CFC1E0E54A6}.Release|Any CPU.ActiveCfg = Release|Any CPU
		{4AF9BDE9-3E91-4035-BB20-2CFC1E0E54A6}.Release|Any CPU.Build.0 = Release|Any CPU
		{4AF9BDE9-3E91-4035-BB20-2CFC1E0E54A6}.Release|Mixed Platforms.ActiveCfg = Release|Any CPU
		{4AF9BDE9-3E91-4035-BB20-2CFC1E0E54A6}.Release|Mixed Platforms.Build.0 = Release|Any CPU
		{4AF9BDE9-3E91-4035-BB20-2CFC1E0E54A6}.Release|x86.ActiveCfg = Release|Any CPU
		{0A85D3E6-9463-4E5A-A001-DD2401EC190A}.Debug|Any CPU.ActiveCfg = Debug|Any CPU
		{0A85D3E6-9463-4E5A-A001-DD2401EC190A}.Debug|Any CPU.Build.0 = Debug|Any CPU
		{0A85D3E6-9463-4E5A-A001-DD2401EC190A}.Debug|Mixed Platforms.ActiveCfg = Debug|Any CPU
		{0A85D3E6-9463-4E5A-A001-DD2401EC190A}.Debug|Mixed Platforms.Build.0 = Debug|Any CPU
		{0A85D3E6-9463-4E5A-A001-DD2401EC190A}.Debug|x86.ActiveCfg = Debug|Any CPU
		{0A85D3E6-9463-4E5A-A001-DD2401EC190A}.Release|Any CPU.ActiveCfg = Release|Any CPU
		{0A85D3E6-9463-4E5A-A001-DD2401EC190A}.Release|Any CPU.Build.0 = Release|Any CPU
		{0A85D3E6-9463-4E5A-A001-DD2401EC190A}.Release|Mixed Platforms.ActiveCfg = Release|Any CPU
		{0A85D3E6-9463-4E5A-A001-DD2401EC190A}.Release|Mixed Platforms.Build.0 = Release|Any CPU
		{0A85D3E6-9463-4E5A-A001-DD2401EC190A}.Release|x86.ActiveCfg = Release|Any CPU
		{C76A2608-2BEF-4398-95EC-C8C418828DDE}.Debug|Any CPU.ActiveCfg = Debug|Any CPU
		{C76A2608-2BEF-4398-95EC-C8C418828DDE}.Debug|Any CPU.Build.0 = Debug|Any CPU
		{C76A2608-2BEF-4398-95EC-C8C418828DDE}.Debug|Mixed Platforms.ActiveCfg = Debug|Any CPU
		{C76A2608-2BEF-4398-95EC-C8C418828DDE}.Debug|Mixed Platforms.Build.0 = Debug|Any CPU
		{C76A2608-2BEF-4398-95EC-C8C418828DDE}.Debug|x86.ActiveCfg = Debug|Any CPU
		{C76A2608-2BEF-4398-95EC-C8C418828DDE}.Release|Any CPU.ActiveCfg = Release|Any CPU
		{C76A2608-2BEF-4398-95EC-C8C418828DDE}.Release|Any CPU.Build.0 = Release|Any CPU
		{C76A2608-2BEF-4398-95EC-C8C418828DDE}.Release|Mixed Platforms.ActiveCfg = Release|Any CPU
		{C76A2608-2BEF-4398-95EC-C8C418828DDE}.Release|Mixed Platforms.Build.0 = Release|Any CPU
		{C76A2608-2BEF-4398-95EC-C8C418828DDE}.Release|x86.ActiveCfg = Release|Any CPU
	EndGlobalSection
	GlobalSection(SolutionProperties) = preSolution
		HideSolutionNode = FALSE
	EndGlobalSection
	GlobalSection(NestedProjects) = preSolution
		{3ABF1967-7B6D-436C-B0BF-754671A8AA2D} = {F7F628AE-75CF-4448-960F-894FEB788F02}
		{170DE623-8DE2-411C-8A9E-0738B8F5BD15} = {57380B2D-A28D-405F-B3EA-9A1FFBFDCBC0}
		{5128FF85-304F-4943-853E-F8E3535DFB55} = {57380B2D-A28D-405F-B3EA-9A1FFBFDCBC0}
		{311B600D-E1AE-4172-9CC6-1A24DBCD67C2} = {57380B2D-A28D-405F-B3EA-9A1FFBFDCBC0}
		{4F797E67-948D-4EEC-ACD7-758028E9166F} = {57380B2D-A28D-405F-B3EA-9A1FFBFDCBC0}
		{5156F5A7-9F81-4B41-83B8-18BF669E5DC6} = {57380B2D-A28D-405F-B3EA-9A1FFBFDCBC0}
		{5DA88B50-0490-4518-A4BD-E3E1A6C8C8C7} = {57380B2D-A28D-405F-B3EA-9A1FFBFDCBC0}
		{1FC63292-A994-4371-98C0-72564B12296F} = {57380B2D-A28D-405F-B3EA-9A1FFBFDCBC0}
		{F8646414-0C9C-49BB-9DA3-3923BF78A398} = {57380B2D-A28D-405F-B3EA-9A1FFBFDCBC0}
		{4AF9BDE9-3E91-4035-BB20-2CFC1E0E54A6} = {57380B2D-A28D-405F-B3EA-9A1FFBFDCBC0}
		{6F6F4CB7-BE58-4515-AE2C-E757F53628A3} = {57380B2D-A28D-405F-B3EA-9A1FFBFDCBC0}
		{910141A1-9FC5-4A44-B682-425100FE9023} = {5DA88B50-0490-4518-A4BD-E3E1A6C8C8C7}
		{8495B9F5-C1C1-4314-94C1-DD4C44EA12B5} = {524692A1-4E6C-42FE-AF4D-484FB68214A6}
		{C4AC374F-B5A7-4C2F-91FF-92284233F9A2} = {E5E6B757-ACCD-4C14-B207-DD22A773F96B}
		{0A11F974-1C92-457B-837A-911A8EF85055} = {E5E6B757-ACCD-4C14-B207-DD22A773F96B}
		{0A85D3E6-9463-4E5A-A001-DD2401EC190A} = {6F6F4CB7-BE58-4515-AE2C-E757F53628A3}
		{C76A2608-2BEF-4398-95EC-C8C418828DDE} = {6F6F4CB7-BE58-4515-AE2C-E757F53628A3}
	EndGlobalSection
EndGlobal
