
Microsoft Visual Studio Solution File, Format Version 12.00
# Visual Studio 2013
VisualStudioVersion = 12.0.21005.1
MinimumVisualStudioVersion = 10.0.40219.1
Project("{FAE04EC0-301F-11D3-BF4B-00C04F79EFBC}") = "V6AccountingB", "V6AccountingB\V6AccountingB.csproj", "{3ABF1967-7B6D-436C-B0BF-754671A8AA2D}"
EndProject
Project("{2150E333-8FDC-42A3-9474-1A3956D46DE8}") = "Win", "Win", "{F7F628AE-75CF-4448-960F-894FEB788F02}"
EndProject
Project("{2150E333-8FDC-42A3-9474-1A3956D46DE8}") = "Dll", "Dll", "{57380B2D-A28D-405F-B3EA-9A1FFBFDCBC0}"
EndProject
Project("{FAE04EC0-301F-11D3-BF4B-00C04F79EFBC}") = "V6SqlConnect", "V6SqlConnect\V6SqlConnect.csproj", "{170DE623-8DE2-411C-8A9E-0738B8F5BD15}"
EndProject
Project("{FAE04EC0-301F-11D3-BF4B-00C04F79EFBC}") = "V6AccountingBusiness", "V6AccountingBusiness\V6AccountingBusiness.csproj", "{5128FF85-304F-4943-853E-F8E3535DFB55}"
EndProject
Project("{FAE04EC0-301F-11D3-BF4B-00C04F79EFBC}") = "V6Controls", "..\V6Controls\V6Controls\V6Controls.csproj", "{311B600D-E1AE-4172-9CC6-1A24DBCD67C2}"
EndProject
Project("{FAE04EC0-301F-11D3-BF4B-00C04F79EFBC}") = "V6Tools", "..\V6Tools\V6Tools\V6Tools.csproj", "{4F797E67-948D-4EEC-ACD7-758028E9166F}"
EndProject
Project("{FAE04EC0-301F-11D3-BF4B-00C04F79EFBC}") = "V6ControlManager", "V6ControlManager\V6ControlManager.csproj", "{5156F5A7-9F81-4B41-83B8-18BF669E5DC6}"
EndProject
Project("{2150E333-8FDC-42A3-9474-1A3956D46DE8}") = "Structures", "Structures", "{5DA88B50-0490-4518-A4BD-E3E1A6C8C8C7}"
EndProject
Project("{FAE04EC0-301F-11D3-BF4B-00C04F79EFBC}") = "V6Structs", "V6Structs\V6Structs.csproj", "{910141A1-9FC5-4A44-B682-425100FE9023}"
EndProject
Project("{FAE04EC0-301F-11D3-BF4B-00C04F79EFBC}") = "SevenZip", "7zip\SevenZip.csproj", "{1FC63292-A994-4371-98C0-72564B12296F}"
EndProject
Project("{2150E333-8FDC-42A3-9474-1A3956D46DE8}") = "HProjects", "HProjects", "{E5E6B757-ACCD-4C14-B207-DD22A773F96B}"
EndProject
Project("{FAE04EC0-301F-11D3-BF4B-00C04F79EFBC}") = "H_Document", "..\Hprojects\Hdocument\H_Document.csproj", "{C4AC374F-B5A7-4C2F-91FF-92284233F9A2}"
EndProject
Project("{FAE04EC0-301F-11D3-BF4B-00C04F79EFBC}") = "HaUtility", "..\Hprojects\HaUtility\HaUtility.csproj", "{0A11F974-1C92-457B-837A-911A8EF85055}"
EndProject
Project("{FAE04EC0-301F-11D3-BF4B-00C04F79EFBC}") = "V6BarcodeLib", "..\V6BarcodeLib\V6BarcodeLib.csproj", "{F8646414-0C9C-49BB-9DA3-3923BF78A398}"
EndProject
Project("{FAE04EC0-301F-11D3-BF4B-00C04F79EFBC}") = "V6ThuePostManager", "V6ThuePostApi\V6ThuePostManager.csproj", "{4AF9BDE9-3E91-4035-BB20-2CFC1E0E54A6}"
EndProject
Project("{2150E333-8FDC-42A3-9474-1A3956D46DE8}") = "Sms", "Sms", "{6F6F4CB7-BE58-4515-AE2C-E757F53628A3}"
EndProject
Project("{FAE04EC0-301F-11D3-BF4B-00C04F79EFBC}") = "GsmSerialPort", "..\Hprojects\GsmSerialPort\GsmSerialPort.csproj", "{0A85D3E6-9463-4E5A-A001-DD2401EC190A}"
EndProject
Project("{FAE04EC0-301F-11D3-BF4B-00C04F79EFBC}") = "GsmModem", "..\Hprojects\GsmModem\GsmModem.csproj", "{C76A2608-2BEF-4398-95EC-C8C418828DDE}"
EndProject
Project("{2150E333-8FDC-42A3-9474-1A3956D46DE8}") = "V6ThuePost", "V6ThuePost", "{0BED301C-9C61-4DF4-BD1B-ADDA570BE2E3}"
EndProject
Project("{2150E333-8FDC-42A3-9474-1A3956D46DE8}") = "Bkav", "Bkav", "{4E497BFB-357C-4A57-A2B8-410BE0D112BE}"
EndProject
Project("{2150E333-8FDC-42A3-9474-1A3956D46DE8}") = "Vnpt", "Vnpt", "{D7FD82ED-916C-4BB6-BC36-5FEF5F476AE9}"
EndProject
Project("{2150E333-8FDC-42A3-9474-1A3956D46DE8}") = "Viettel", "Viettel", "{BA736818-3DCC-4FC6-BABD-91B7F3655E7D}"
EndProject
Project("{2150E333-8FDC-42A3-9474-1A3956D46DE8}") = "Vnpt_Token", "Vnpt_Token", "{641F7A38-DE08-40A8-9661-92B829AE8CD7}"
EndProject
Project("{2150E333-8FDC-42A3-9474-1A3956D46DE8}") = "TS24", "TS24", "{E7F807E9-77C3-4DFB-A0F9-69E10F8005F7}"
EndProject
Project("{2150E333-8FDC-42A3-9474-1A3956D46DE8}") = "SoftDreams", "SoftDreams", "{C4C4C910-A273-4B2F-99E9-AEAB01F30FCC}"
EndProject
Project("{FAE04EC0-301F-11D3-BF4B-00C04F79EFBC}") = "V6ThuePostBkav", "..\HoaDonDienTu\BKAV\V6ThuePost_BKAV\V6ThuePost\V6ThuePostBkav.csproj", "{CE245B2A-9CAF-4E2B-B015-EBC7F4E417A1}"
EndProject
Project("{FAE04EC0-301F-11D3-BF4B-00C04F79EFBC}") = "V6ThuePostBkavApi", "..\HoaDonDienTu\BKAV\V6ThuePost_BKAV\ApiConnect\V6ThuePostBkavApi.csproj", "{3D8928F4-81C7-443E-98B3-C155EEE33927}"
EndProject
Project("{FAE04EC0-301F-11D3-BF4B-00C04F79EFBC}") = "V6ThuePostObjects", "..\HoaDonDienTu\PostObjects\V6ThuePostObjects.csproj", "{14A2C520-1939-4B6A-B584-EE5797F26701}"
EndProject
Project("{FAE04EC0-301F-11D3-BF4B-00C04F79EFBC}") = "V6ThuePostSoftDreamsApi", "..\HoaDonDienTu\SOFT_DREAMS\V6ThuePost_SoftDreams\ApiConnect\V6ThuePostSoftDreamsApi.csproj", "{123E4986-123D-4D08-ADEA-C8CE23B8AB5A}"
EndProject
Project("{FAE04EC0-301F-11D3-BF4B-00C04F79EFBC}") = "V6ThuePostSoftDreams", "..\HoaDonDienTu\SOFT_DREAMS\V6ThuePost_SoftDreams\V6ThuePost\V6ThuePostSoftDreams.csproj", "{3BA5E316-7A1E-44D5-B532-84EBCB632754}"
EndProject
Project("{FAE04EC0-301F-11D3-BF4B-00C04F79EFBC}") = "V6ThuePostTS24", "..\HoaDonDienTu\TS24\V6ThuePost_TS24\V6ThuePost\V6ThuePostTS24.csproj", "{C931A2CD-AF62-4196-8A87-8D9D81BE31A8}"
EndProject
Project("{FAE04EC0-301F-11D3-BF4B-00C04F79EFBC}") = "V6ThuePostViettelApi", "..\HoaDonDienTu\VIETTEL_OLD\V6ThuePost\ApiConnect\V6ThuePostViettelApi.csproj", "{938CF42A-D1A7-46D4-866C-1222495A1C4C}"
EndProject
Project("{FAE04EC0-301F-11D3-BF4B-00C04F79EFBC}") = "V6ThuePostViettel_Old", "..\HoaDonDienTu\VIETTEL_OLD\V6ThuePost\V6ThuePost\V6ThuePostViettel_Old.csproj", "{92801EE7-A5BA-430C-8434-7EE3A8A03414}"
EndProject
Project("{FAE04EC0-301F-11D3-BF4B-00C04F79EFBC}") = "V6ThuePostXmlApi", "..\HoaDonDienTu\VNPT\V6ThuePost_Xml\ApiConnect\V6ThuePostXmlApi.csproj", "{ABC35001-3755-4AFF-88D6-B48598BBC651}"
EndProject
Project("{FAE04EC0-301F-11D3-BF4B-00C04F79EFBC}") = "V6ThuePostXml", "..\HoaDonDienTu\VNPT\V6ThuePost_Xml\V6ThuePost\V6ThuePostXml.csproj", "{0EB14E7F-1568-40B0-BF3D-6611870C31C3}"
EndProject
Project("{2150E333-8FDC-42A3-9474-1A3956D46DE8}") = "ThaiSon", "ThaiSon", "{025CB33F-286F-4C13-9BB4-DD691742DD93}"
EndProject
Project("{FAE04EC0-301F-11D3-BF4B-00C04F79EFBC}") = "V6ThuePostThaiSonApi", "..\HoaDonDienTu\THAISON\V6ThuePost_THAISON\ApiConnect\V6ThuePostThaiSonApi.csproj", "{B2965A48-A4F2-406A-8D0A-D4134A1351F0}"
EndProject
Project("{FAE04EC0-301F-11D3-BF4B-00C04F79EFBC}") = "V6ThuePostThaiSon", "..\HoaDonDienTu\THAISON\V6ThuePost_THAISON\V6ThuePost\V6ThuePostThaiSon.csproj", "{18F4AF88-0E70-4264-BFB0-20E585D416B8}"
EndProject
Project("{FAE04EC0-301F-11D3-BF4B-00C04F79EFBC}") = "V6SignToken", "..\HoaDonDienTu\V6SignToken\V6SignToken\V6SignToken.csproj", "{4BF58756-DB5E-4EEC-A711-2ED58B2FE3B1}"
EndProject
Project("{2150E333-8FDC-42A3-9474-1A3956D46DE8}") = "M_Invoice", "M_Invoice", "{AEB9100B-EBBD-4172-AE2B-545104A22D99}"
EndProject
Project("{2150E333-8FDC-42A3-9474-1A3956D46DE8}") = "MONET", "MONET", "{DD5C593C-AFA3-4889-865E-CC0112DC1CD1}"
EndProject
Project("{FAE04EC0-301F-11D3-BF4B-00C04F79EFBC}") = "V6ThuePost_MONETApi", "..\HoaDonDienTu\MONET\V6ThuePost\ApiConnect\V6ThuePost_MONETApi.csproj", "{E965C840-A433-45EA-AC23-1E3ED00ABBF6}"
EndProject
Project("{FAE04EC0-301F-11D3-BF4B-00C04F79EFBC}") = "V6ThuePostMInvoiceApi", "..\HoaDonDienTu\M_INVOICE\V6ThuePost_MInvoice\ApiConnect\V6ThuePostMInvoiceApi.csproj", "{96FD45FD-0B6D-4EC7-88AE-DA8D387DAB37}"
EndProject
Project("{FAE04EC0-301F-11D3-BF4B-00C04F79EFBC}") = "V6ThuePostMInvoice", "..\HoaDonDienTu\M_INVOICE\V6ThuePost_MInvoice\V6ThuePost\V6ThuePostMInvoice.csproj", "{75B9369B-F3B5-4372-94B0-52193499F5AB}"
EndProject
Global
	GlobalSection(SolutionConfigurationPlatforms) = preSolution
		Debug|Any CPU = Debug|Any CPU
		Debug|Mixed Platforms = Debug|Mixed Platforms
		Debug|x86 = Debug|x86
		Release|Any CPU = Release|Any CPU
		Release|Mixed Platforms = Release|Mixed Platforms
		Release|x86 = Release|x86
	EndGlobalSection
	GlobalSection(ProjectConfigurationPlatforms) = postSolution
		{3ABF1967-7B6D-436C-B0BF-754671A8AA2D}.Debug|Any CPU.ActiveCfg = Debug|Any CPU
		{3ABF1967-7B6D-436C-B0BF-754671A8AA2D}.Debug|Any CPU.Build.0 = Debug|Any CPU
		{3ABF1967-7B6D-436C-B0BF-754671A8AA2D}.Debug|Mixed Platforms.ActiveCfg = Debug|Any CPU
		{3ABF1967-7B6D-436C-B0BF-754671A8AA2D}.Debug|Mixed Platforms.Build.0 = Debug|Any CPU
		{3ABF1967-7B6D-436C-B0BF-754671A8AA2D}.Debug|x86.ActiveCfg = Debug|Any CPU
		{3ABF1967-7B6D-436C-B0BF-754671A8AA2D}.Release|Any CPU.ActiveCfg = Release|Any CPU
		{3ABF1967-7B6D-436C-B0BF-754671A8AA2D}.Release|Any CPU.Build.0 = Release|Any CPU
		{3ABF1967-7B6D-436C-B0BF-754671A8AA2D}.Release|Mixed Platforms.ActiveCfg = Release|Any CPU
		{3ABF1967-7B6D-436C-B0BF-754671A8AA2D}.Release|Mixed Platforms.Build.0 = Release|Any CPU
		{3ABF1967-7B6D-436C-B0BF-754671A8AA2D}.Release|x86.ActiveCfg = Release|Any CPU
		{170DE623-8DE2-411C-8A9E-0738B8F5BD15}.Debug|Any CPU.ActiveCfg = Debug|Any CPU
		{170DE623-8DE2-411C-8A9E-0738B8F5BD15}.Debug|Any CPU.Build.0 = Debug|Any CPU
		{170DE623-8DE2-411C-8A9E-0738B8F5BD15}.Debug|Mixed Platforms.ActiveCfg = Debug|Any CPU
		{170DE623-8DE2-411C-8A9E-0738B8F5BD15}.Debug|Mixed Platforms.Build.0 = Debug|Any CPU
		{170DE623-8DE2-411C-8A9E-0738B8F5BD15}.Debug|x86.ActiveCfg = Debug|Any CPU
		{170DE623-8DE2-411C-8A9E-0738B8F5BD15}.Release|Any CPU.ActiveCfg = Release|Any CPU
		{170DE623-8DE2-411C-8A9E-0738B8F5BD15}.Release|Any CPU.Build.0 = Release|Any CPU
		{170DE623-8DE2-411C-8A9E-0738B8F5BD15}.Release|Mixed Platforms.ActiveCfg = Release|Any CPU
		{170DE623-8DE2-411C-8A9E-0738B8F5BD15}.Release|Mixed Platforms.Build.0 = Release|Any CPU
		{170DE623-8DE2-411C-8A9E-0738B8F5BD15}.Release|x86.ActiveCfg = Release|Any CPU
		{5128FF85-304F-4943-853E-F8E3535DFB55}.Debug|Any CPU.ActiveCfg = Debug|Any CPU
		{5128FF85-304F-4943-853E-F8E3535DFB55}.Debug|Any CPU.Build.0 = Debug|Any CPU
		{5128FF85-304F-4943-853E-F8E3535DFB55}.Debug|Mixed Platforms.ActiveCfg = Debug|Any CPU
		{5128FF85-304F-4943-853E-F8E3535DFB55}.Debug|Mixed Platforms.Build.0 = Debug|Any CPU
		{5128FF85-304F-4943-853E-F8E3535DFB55}.Debug|x86.ActiveCfg = Debug|Any CPU
		{5128FF85-304F-4943-853E-F8E3535DFB55}.Release|Any CPU.ActiveCfg = Release|Any CPU
		{5128FF85-304F-4943-853E-F8E3535DFB55}.Release|Any CPU.Build.0 = Release|Any CPU
		{5128FF85-304F-4943-853E-F8E3535DFB55}.Release|Mixed Platforms.ActiveCfg = Release|Any CPU
		{5128FF85-304F-4943-853E-F8E3535DFB55}.Release|Mixed Platforms.Build.0 = Release|Any CPU
		{5128FF85-304F-4943-853E-F8E3535DFB55}.Release|x86.ActiveCfg = Release|Any CPU
		{311B600D-E1AE-4172-9CC6-1A24DBCD67C2}.Debug|Any CPU.ActiveCfg = Debug|Any CPU
		{311B600D-E1AE-4172-9CC6-1A24DBCD67C2}.Debug|Any CPU.Build.0 = Debug|Any CPU
		{311B600D-E1AE-4172-9CC6-1A24DBCD67C2}.Debug|Mixed Platforms.ActiveCfg = Debug|Any CPU
		{311B600D-E1AE-4172-9CC6-1A24DBCD67C2}.Debug|Mixed Platforms.Build.0 = Debug|Any CPU
		{311B600D-E1AE-4172-9CC6-1A24DBCD67C2}.Debug|x86.ActiveCfg = Debug|Any CPU
		{311B600D-E1AE-4172-9CC6-1A24DBCD67C2}.Release|Any CPU.ActiveCfg = Release|Any CPU
		{311B600D-E1AE-4172-9CC6-1A24DBCD67C2}.Release|Any CPU.Build.0 = Release|Any CPU
		{311B600D-E1AE-4172-9CC6-1A24DBCD67C2}.Release|Mixed Platforms.ActiveCfg = Release|Any CPU
		{311B600D-E1AE-4172-9CC6-1A24DBCD67C2}.Release|Mixed Platforms.Build.0 = Release|Any CPU
		{311B600D-E1AE-4172-9CC6-1A24DBCD67C2}.Release|x86.ActiveCfg = Release|Any CPU
		{4F797E67-948D-4EEC-ACD7-758028E9166F}.Debug|Any CPU.ActiveCfg = Debug|Any CPU
		{4F797E67-948D-4EEC-ACD7-758028E9166F}.Debug|Any CPU.Build.0 = Debug|Any CPU
		{4F797E67-948D-4EEC-ACD7-758028E9166F}.Debug|Mixed Platforms.ActiveCfg = Debug|x86
		{4F797E67-948D-4EEC-ACD7-758028E9166F}.Debug|Mixed Platforms.Build.0 = Debug|x86
		{4F797E67-948D-4EEC-ACD7-758028E9166F}.Debug|x86.ActiveCfg = Debug|x86
		{4F797E67-948D-4EEC-ACD7-758028E9166F}.Debug|x86.Build.0 = Debug|x86
		{4F797E67-948D-4EEC-ACD7-758028E9166F}.Release|Any CPU.ActiveCfg = Release|Any CPU
		{4F797E67-948D-4EEC-ACD7-758028E9166F}.Release|Any CPU.Build.0 = Release|Any CPU
		{4F797E67-948D-4EEC-ACD7-758028E9166F}.Release|Mixed Platforms.ActiveCfg = Release|x86
		{4F797E67-948D-4EEC-ACD7-758028E9166F}.Release|Mixed Platforms.Build.0 = Release|x86
		{4F797E67-948D-4EEC-ACD7-758028E9166F}.Release|x86.ActiveCfg = Release|x86
		{4F797E67-948D-4EEC-ACD7-758028E9166F}.Release|x86.Build.0 = Release|x86
		{5156F5A7-9F81-4B41-83B8-18BF669E5DC6}.Debug|Any CPU.ActiveCfg = Debug|Any CPU
		{5156F5A7-9F81-4B41-83B8-18BF669E5DC6}.Debug|Any CPU.Build.0 = Debug|Any CPU
		{5156F5A7-9F81-4B41-83B8-18BF669E5DC6}.Debug|Mixed Platforms.ActiveCfg = Debug|Any CPU
		{5156F5A7-9F81-4B41-83B8-18BF669E5DC6}.Debug|Mixed Platforms.Build.0 = Debug|Any CPU
		{5156F5A7-9F81-4B41-83B8-18BF669E5DC6}.Debug|x86.ActiveCfg = Debug|Any CPU
		{5156F5A7-9F81-4B41-83B8-18BF669E5DC6}.Release|Any CPU.ActiveCfg = Release|Any CPU
		{5156F5A7-9F81-4B41-83B8-18BF669E5DC6}.Release|Any CPU.Build.0 = Release|Any CPU
		{5156F5A7-9F81-4B41-83B8-18BF669E5DC6}.Release|Mixed Platforms.ActiveCfg = Release|Any CPU
		{5156F5A7-9F81-4B41-83B8-18BF669E5DC6}.Release|Mixed Platforms.Build.0 = Release|Any CPU
		{5156F5A7-9F81-4B41-83B8-18BF669E5DC6}.Release|x86.ActiveCfg = Release|Any CPU
		{910141A1-9FC5-4A44-B682-425100FE9023}.Debug|Any CPU.ActiveCfg = Debug|Any CPU
		{910141A1-9FC5-4A44-B682-425100FE9023}.Debug|Any CPU.Build.0 = Debug|Any CPU
		{910141A1-9FC5-4A44-B682-425100FE9023}.Debug|Mixed Platforms.ActiveCfg = Debug|Any CPU
		{910141A1-9FC5-4A44-B682-425100FE9023}.Debug|Mixed Platforms.Build.0 = Debug|Any CPU
		{910141A1-9FC5-4A44-B682-425100FE9023}.Debug|x86.ActiveCfg = Debug|Any CPU
		{910141A1-9FC5-4A44-B682-425100FE9023}.Release|Any CPU.ActiveCfg = Release|Any CPU
		{910141A1-9FC5-4A44-B682-425100FE9023}.Release|Any CPU.Build.0 = Release|Any CPU
		{910141A1-9FC5-4A44-B682-425100FE9023}.Release|Mixed Platforms.ActiveCfg = Release|Any CPU
		{910141A1-9FC5-4A44-B682-425100FE9023}.Release|Mixed Platforms.Build.0 = Release|Any CPU
		{910141A1-9FC5-4A44-B682-425100FE9023}.Release|x86.ActiveCfg = Release|Any CPU
		{1FC63292-A994-4371-98C0-72564B12296F}.Debug|Any CPU.ActiveCfg = Debug|Any CPU
		{1FC63292-A994-4371-98C0-72564B12296F}.Debug|Any CPU.Build.0 = Debug|Any CPU
		{1FC63292-A994-4371-98C0-72564B12296F}.Debug|Mixed Platforms.ActiveCfg = Debug|Any CPU
		{1FC63292-A994-4371-98C0-72564B12296F}.Debug|Mixed Platforms.Build.0 = Debug|Any CPU
		{1FC63292-A994-4371-98C0-72564B12296F}.Debug|x86.ActiveCfg = Debug|Any CPU
		{1FC63292-A994-4371-98C0-72564B12296F}.Release|Any CPU.ActiveCfg = Release|Any CPU
		{1FC63292-A994-4371-98C0-72564B12296F}.Release|Any CPU.Build.0 = Release|Any CPU
		{1FC63292-A994-4371-98C0-72564B12296F}.Release|Mixed Platforms.ActiveCfg = Release|Any CPU
		{1FC63292-A994-4371-98C0-72564B12296F}.Release|Mixed Platforms.Build.0 = Release|Any CPU
		{1FC63292-A994-4371-98C0-72564B12296F}.Release|x86.ActiveCfg = Release|Any CPU
		{C4AC374F-B5A7-4C2F-91FF-92284233F9A2}.Debug|Any CPU.ActiveCfg = Debug|Any CPU
		{C4AC374F-B5A7-4C2F-91FF-92284233F9A2}.Debug|Any CPU.Build.0 = Debug|Any CPU
		{C4AC374F-B5A7-4C2F-91FF-92284233F9A2}.Debug|Mixed Platforms.ActiveCfg = Debug|Any CPU
		{C4AC374F-B5A7-4C2F-91FF-92284233F9A2}.Debug|Mixed Platforms.Build.0 = Debug|Any CPU
		{C4AC374F-B5A7-4C2F-91FF-92284233F9A2}.Debug|x86.ActiveCfg = Debug|Any CPU
		{C4AC374F-B5A7-4C2F-91FF-92284233F9A2}.Debug|x86.Build.0 = Debug|Any CPU
		{C4AC374F-B5A7-4C2F-91FF-92284233F9A2}.Release|Any CPU.ActiveCfg = Release|Any CPU
		{C4AC374F-B5A7-4C2F-91FF-92284233F9A2}.Release|Any CPU.Build.0 = Release|Any CPU
		{C4AC374F-B5A7-4C2F-91FF-92284233F9A2}.Release|Mixed Platforms.ActiveCfg = Release|Any CPU
		{C4AC374F-B5A7-4C2F-91FF-92284233F9A2}.Release|Mixed Platforms.Build.0 = Release|Any CPU
		{C4AC374F-B5A7-4C2F-91FF-92284233F9A2}.Release|x86.ActiveCfg = Release|Any CPU
		{C4AC374F-B5A7-4C2F-91FF-92284233F9A2}.Release|x86.Build.0 = Release|Any CPU
		{0A11F974-1C92-457B-837A-911A8EF85055}.Debug|Any CPU.ActiveCfg = Debug|Any CPU
		{0A11F974-1C92-457B-837A-911A8EF85055}.Debug|Any CPU.Build.0 = Debug|Any CPU
		{0A11F974-1C92-457B-837A-911A8EF85055}.Debug|Mixed Platforms.ActiveCfg = Debug|Any CPU
		{0A11F974-1C92-457B-837A-911A8EF85055}.Debug|Mixed Platforms.Build.0 = Debug|Any CPU
		{0A11F974-1C92-457B-837A-911A8EF85055}.Debug|x86.ActiveCfg = Debug|Any CPU
		{0A11F974-1C92-457B-837A-911A8EF85055}.Debug|x86.Build.0 = Debug|Any CPU
		{0A11F974-1C92-457B-837A-911A8EF85055}.Release|Any CPU.ActiveCfg = Release|Any CPU
		{0A11F974-1C92-457B-837A-911A8EF85055}.Release|Any CPU.Build.0 = Release|Any CPU
		{0A11F974-1C92-457B-837A-911A8EF85055}.Release|Mixed Platforms.ActiveCfg = Release|Any CPU
		{0A11F974-1C92-457B-837A-911A8EF85055}.Release|Mixed Platforms.Build.0 = Release|Any CPU
		{0A11F974-1C92-457B-837A-911A8EF85055}.Release|x86.ActiveCfg = Release|Any CPU
		{0A11F974-1C92-457B-837A-911A8EF85055}.Release|x86.Build.0 = Release|Any CPU
		{F8646414-0C9C-49BB-9DA3-3923BF78A398}.Debug|Any CPU.ActiveCfg = Debug|Any CPU
		{F8646414-0C9C-49BB-9DA3-3923BF78A398}.Debug|Any CPU.Build.0 = Debug|Any CPU
		{F8646414-0C9C-49BB-9DA3-3923BF78A398}.Debug|Mixed Platforms.ActiveCfg = Debug|x86
		{F8646414-0C9C-49BB-9DA3-3923BF78A398}.Debug|Mixed Platforms.Build.0 = Debug|x86
		{F8646414-0C9C-49BB-9DA3-3923BF78A398}.Debug|x86.ActiveCfg = Debug|x86
		{F8646414-0C9C-49BB-9DA3-3923BF78A398}.Debug|x86.Build.0 = Debug|x86
		{F8646414-0C9C-49BB-9DA3-3923BF78A398}.Release|Any CPU.ActiveCfg = Release|Any CPU
		{F8646414-0C9C-49BB-9DA3-3923BF78A398}.Release|Any CPU.Build.0 = Release|Any CPU
		{F8646414-0C9C-49BB-9DA3-3923BF78A398}.Release|Mixed Platforms.ActiveCfg = Release|x86
		{F8646414-0C9C-49BB-9DA3-3923BF78A398}.Release|Mixed Platforms.Build.0 = Release|x86
		{F8646414-0C9C-49BB-9DA3-3923BF78A398}.Release|x86.ActiveCfg = Release|x86
		{F8646414-0C9C-49BB-9DA3-3923BF78A398}.Release|x86.Build.0 = Release|x86
		{4AF9BDE9-3E91-4035-BB20-2CFC1E0E54A6}.Debug|Any CPU.ActiveCfg = Debug|Any CPU
		{4AF9BDE9-3E91-4035-BB20-2CFC1E0E54A6}.Debug|Any CPU.Build.0 = Debug|Any CPU
		{4AF9BDE9-3E91-4035-BB20-2CFC1E0E54A6}.Debug|Mixed Platforms.ActiveCfg = Debug|Any CPU
		{4AF9BDE9-3E91-4035-BB20-2CFC1E0E54A6}.Debug|Mixed Platforms.Build.0 = Debug|Any CPU
		{4AF9BDE9-3E91-4035-BB20-2CFC1E0E54A6}.Debug|x86.ActiveCfg = Debug|Any CPU
		{4AF9BDE9-3E91-4035-BB20-2CFC1E0E54A6}.Release|Any CPU.ActiveCfg = Release|Any CPU
		{4AF9BDE9-3E91-4035-BB20-2CFC1E0E54A6}.Release|Any CPU.Build.0 = Release|Any CPU
		{4AF9BDE9-3E91-4035-BB20-2CFC1E0E54A6}.Release|Mixed Platforms.ActiveCfg = Release|Any CPU
		{4AF9BDE9-3E91-4035-BB20-2CFC1E0E54A6}.Release|Mixed Platforms.Build.0 = Release|Any CPU
		{4AF9BDE9-3E91-4035-BB20-2CFC1E0E54A6}.Release|x86.ActiveCfg = Release|Any CPU
		{0A85D3E6-9463-4E5A-A001-DD2401EC190A}.Debug|Any CPU.ActiveCfg = Debug|Any CPU
		{0A85D3E6-9463-4E5A-A001-DD2401EC190A}.Debug|Any CPU.Build.0 = Debug|Any CPU
		{0A85D3E6-9463-4E5A-A001-DD2401EC190A}.Debug|Mixed Platforms.ActiveCfg = Debug|Any CPU
		{0A85D3E6-9463-4E5A-A001-DD2401EC190A}.Debug|Mixed Platforms.Build.0 = Debug|Any CPU
		{0A85D3E6-9463-4E5A-A001-DD2401EC190A}.Debug|x86.ActiveCfg = Debug|Any CPU
		{0A85D3E6-9463-4E5A-A001-DD2401EC190A}.Release|Any CPU.ActiveCfg = Release|Any CPU
		{0A85D3E6-9463-4E5A-A001-DD2401EC190A}.Release|Any CPU.Build.0 = Release|Any CPU
		{0A85D3E6-9463-4E5A-A001-DD2401EC190A}.Release|Mixed Platforms.ActiveCfg = Release|Any CPU
		{0A85D3E6-9463-4E5A-A001-DD2401EC190A}.Release|Mixed Platforms.Build.0 = Release|Any CPU
		{0A85D3E6-9463-4E5A-A001-DD2401EC190A}.Release|x86.ActiveCfg = Release|Any CPU
		{C76A2608-2BEF-4398-95EC-C8C418828DDE}.Debug|Any CPU.ActiveCfg = Debug|Any CPU
		{C76A2608-2BEF-4398-95EC-C8C418828DDE}.Debug|Any CPU.Build.0 = Debug|Any CPU
		{C76A2608-2BEF-4398-95EC-C8C418828DDE}.Debug|Mixed Platforms.ActiveCfg = Debug|Any CPU
		{C76A2608-2BEF-4398-95EC-C8C418828DDE}.Debug|Mixed Platforms.Build.0 = Debug|Any CPU
		{C76A2608-2BEF-4398-95EC-C8C418828DDE}.Debug|x86.ActiveCfg = Debug|Any CPU
		{C76A2608-2BEF-4398-95EC-C8C418828DDE}.Release|Any CPU.ActiveCfg = Release|Any CPU
		{C76A2608-2BEF-4398-95EC-C8C418828DDE}.Release|Any CPU.Build.0 = Release|Any CPU
		{C76A2608-2BEF-4398-95EC-C8C418828DDE}.Release|Mixed Platforms.ActiveCfg = Release|Any CPU
		{C76A2608-2BEF-4398-95EC-C8C418828DDE}.Release|Mixed Platforms.Build.0 = Release|Any CPU
		{C76A2608-2BEF-4398-95EC-C8C418828DDE}.Release|x86.ActiveCfg = Release|Any CPU
		{CE245B2A-9CAF-4E2B-B015-EBC7F4E417A1}.Debug|Any CPU.ActiveCfg = Debug|Any CPU
		{CE245B2A-9CAF-4E2B-B015-EBC7F4E417A1}.Debug|Any CPU.Build.0 = Debug|Any CPU
		{CE245B2A-9CAF-4E2B-B015-EBC7F4E417A1}.Debug|Mixed Platforms.ActiveCfg = Debug|Any CPU
		{CE245B2A-9CAF-4E2B-B015-EBC7F4E417A1}.Debug|Mixed Platforms.Build.0 = Debug|Any CPU
		{CE245B2A-9CAF-4E2B-B015-EBC7F4E417A1}.Debug|x86.ActiveCfg = Debug|Any CPU
		{CE245B2A-9CAF-4E2B-B015-EBC7F4E417A1}.Release|Any CPU.ActiveCfg = Release|Any CPU
		{CE245B2A-9CAF-4E2B-B015-EBC7F4E417A1}.Release|Any CPU.Build.0 = Release|Any CPU
		{CE245B2A-9CAF-4E2B-B015-EBC7F4E417A1}.Release|Mixed Platforms.ActiveCfg = Release|Any CPU
		{CE245B2A-9CAF-4E2B-B015-EBC7F4E417A1}.Release|Mixed Platforms.Build.0 = Release|Any CPU
		{CE245B2A-9CAF-4E2B-B015-EBC7F4E417A1}.Release|x86.ActiveCfg = Release|Any CPU
		{3D8928F4-81C7-443E-98B3-C155EEE33927}.Debug|Any CPU.ActiveCfg = Debug|Any CPU
		{3D8928F4-81C7-443E-98B3-C155EEE33927}.Debug|Any CPU.Build.0 = Debug|Any CPU
		{3D8928F4-81C7-443E-98B3-C155EEE33927}.Debug|Mixed Platforms.ActiveCfg = Debug|Any CPU
		{3D8928F4-81C7-443E-98B3-C155EEE33927}.Debug|Mixed Platforms.Build.0 = Debug|Any CPU
		{3D8928F4-81C7-443E-98B3-C155EEE33927}.Debug|x86.ActiveCfg = Debug|Any CPU
		{3D8928F4-81C7-443E-98B3-C155EEE33927}.Release|Any CPU.ActiveCfg = Release|Any CPU
		{3D8928F4-81C7-443E-98B3-C155EEE33927}.Release|Any CPU.Build.0 = Release|Any CPU
		{3D8928F4-81C7-443E-98B3-C155EEE33927}.Release|Mixed Platforms.ActiveCfg = Release|Any CPU
		{3D8928F4-81C7-443E-98B3-C155EEE33927}.Release|Mixed Platforms.Build.0 = Release|Any CPU
		{3D8928F4-81C7-443E-98B3-C155EEE33927}.Release|x86.ActiveCfg = Release|Any CPU
		{14A2C520-1939-4B6A-B584-EE5797F26701}.Debug|Any CPU.ActiveCfg = Debug|Any CPU
		{14A2C520-1939-4B6A-B584-EE5797F26701}.Debug|Any CPU.Build.0 = Debug|Any CPU
		{14A2C520-1939-4B6A-B584-EE5797F26701}.Debug|Mixed Platforms.ActiveCfg = Debug|Any CPU
		{14A2C520-1939-4B6A-B584-EE5797F26701}.Debug|Mixed Platforms.Build.0 = Debug|Any CPU
		{14A2C520-1939-4B6A-B584-EE5797F26701}.Debug|x86.ActiveCfg = Debug|Any CPU
		{14A2C520-1939-4B6A-B584-EE5797F26701}.Release|Any CPU.ActiveCfg = Release|Any CPU
		{14A2C520-1939-4B6A-B584-EE5797F26701}.Release|Any CPU.Build.0 = Release|Any CPU
		{14A2C520-1939-4B6A-B584-EE5797F26701}.Release|Mixed Platforms.ActiveCfg = Release|Any CPU
		{14A2C520-1939-4B6A-B584-EE5797F26701}.Release|Mixed Platforms.Build.0 = Release|Any CPU
		{14A2C520-1939-4B6A-B584-EE5797F26701}.Release|x86.ActiveCfg = Release|Any CPU
		{123E4986-123D-4D08-ADEA-C8CE23B8AB5A}.Debug|Any CPU.ActiveCfg = Debug|Any CPU
		{123E4986-123D-4D08-ADEA-C8CE23B8AB5A}.Debug|Any CPU.Build.0 = Debug|Any CPU
		{123E4986-123D-4D08-ADEA-C8CE23B8AB5A}.Debug|Mixed Platforms.ActiveCfg = Debug|Any CPU
		{123E4986-123D-4D08-ADEA-C8CE23B8AB5A}.Debug|Mixed Platforms.Build.0 = Debug|Any CPU
		{123E4986-123D-4D08-ADEA-C8CE23B8AB5A}.Debug|x86.ActiveCfg = Debug|Any CPU
		{123E4986-123D-4D08-ADEA-C8CE23B8AB5A}.Release|Any CPU.ActiveCfg = Release|Any CPU
		{123E4986-123D-4D08-ADEA-C8CE23B8AB5A}.Release|Any CPU.Build.0 = Release|Any CPU
		{123E4986-123D-4D08-ADEA-C8CE23B8AB5A}.Release|Mixed Platforms.ActiveCfg = Release|Any CPU
		{123E4986-123D-4D08-ADEA-C8CE23B8AB5A}.Release|Mixed Platforms.Build.0 = Release|Any CPU
		{123E4986-123D-4D08-ADEA-C8CE23B8AB5A}.Release|x86.ActiveCfg = Release|Any CPU
		{3BA5E316-7A1E-44D5-B532-84EBCB632754}.Debug|Any CPU.ActiveCfg = Debug|Any CPU
		{3BA5E316-7A1E-44D5-B532-84EBCB632754}.Debug|Any CPU.Build.0 = Debug|Any CPU
		{3BA5E316-7A1E-44D5-B532-84EBCB632754}.Debug|Mixed Platforms.ActiveCfg = Debug|Any CPU
		{3BA5E316-7A1E-44D5-B532-84EBCB632754}.Debug|Mixed Platforms.Build.0 = Debug|Any CPU
		{3BA5E316-7A1E-44D5-B532-84EBCB632754}.Debug|x86.ActiveCfg = Debug|Any CPU
		{3BA5E316-7A1E-44D5-B532-84EBCB632754}.Release|Any CPU.ActiveCfg = Release|Any CPU
		{3BA5E316-7A1E-44D5-B532-84EBCB632754}.Release|Any CPU.Build.0 = Release|Any CPU
		{3BA5E316-7A1E-44D5-B532-84EBCB632754}.Release|Mixed Platforms.ActiveCfg = Release|Any CPU
		{3BA5E316-7A1E-44D5-B532-84EBCB632754}.Release|Mixed Platforms.Build.0 = Release|Any CPU
		{3BA5E316-7A1E-44D5-B532-84EBCB632754}.Release|x86.ActiveCfg = Release|Any CPU
		{C931A2CD-AF62-4196-8A87-8D9D81BE31A8}.Debug|Any CPU.ActiveCfg = Debug|Any CPU
		{C931A2CD-AF62-4196-8A87-8D9D81BE31A8}.Debug|Any CPU.Build.0 = Debug|Any CPU
		{C931A2CD-AF62-4196-8A87-8D9D81BE31A8}.Debug|Mixed Platforms.ActiveCfg = Debug|Any CPU
		{C931A2CD-AF62-4196-8A87-8D9D81BE31A8}.Debug|Mixed Platforms.Build.0 = Debug|Any CPU
		{C931A2CD-AF62-4196-8A87-8D9D81BE31A8}.Debug|x86.ActiveCfg = Debug|Any CPU
		{C931A2CD-AF62-4196-8A87-8D9D81BE31A8}.Release|Any CPU.ActiveCfg = Release|Any CPU
		{C931A2CD-AF62-4196-8A87-8D9D81BE31A8}.Release|Any CPU.Build.0 = Release|Any CPU
		{C931A2CD-AF62-4196-8A87-8D9D81BE31A8}.Release|Mixed Platforms.ActiveCfg = Release|Any CPU
		{C931A2CD-AF62-4196-8A87-8D9D81BE31A8}.Release|Mixed Platforms.Build.0 = Release|Any CPU
		{C931A2CD-AF62-4196-8A87-8D9D81BE31A8}.Release|x86.ActiveCfg = Release|Any CPU
		{938CF42A-D1A7-46D4-866C-1222495A1C4C}.Debug|Any CPU.ActiveCfg = Debug|Any CPU
		{938CF42A-D1A7-46D4-866C-1222495A1C4C}.Debug|Any CPU.Build.0 = Debug|Any CPU
		{938CF42A-D1A7-46D4-866C-1222495A1C4C}.Debug|Mixed Platforms.ActiveCfg = Debug|Any CPU
		{938CF42A-D1A7-46D4-866C-1222495A1C4C}.Debug|Mixed Platforms.Build.0 = Debug|Any CPU
		{938CF42A-D1A7-46D4-866C-1222495A1C4C}.Debug|x86.ActiveCfg = Debug|Any CPU
		{938CF42A-D1A7-46D4-866C-1222495A1C4C}.Release|Any CPU.ActiveCfg = Release|Any CPU
		{938CF42A-D1A7-46D4-866C-1222495A1C4C}.Release|Any CPU.Build.0 = Release|Any CPU
		{938CF42A-D1A7-46D4-866C-1222495A1C4C}.Release|Mixed Platforms.ActiveCfg = Release|Any CPU
		{938CF42A-D1A7-46D4-866C-1222495A1C4C}.Release|Mixed Platforms.Build.0 = Release|Any CPU
		{938CF42A-D1A7-46D4-866C-1222495A1C4C}.Release|x86.ActiveCfg = Release|Any CPU
		{92801EE7-A5BA-430C-8434-7EE3A8A03414}.Debug|Any CPU.ActiveCfg = Debug|Any CPU
		{92801EE7-A5BA-430C-8434-7EE3A8A03414}.Debug|Any CPU.Build.0 = Debug|Any CPU
		{92801EE7-A5BA-430C-8434-7EE3A8A03414}.Debug|Mixed Platforms.ActiveCfg = Debug|Any CPU
		{92801EE7-A5BA-430C-8434-7EE3A8A03414}.Debug|Mixed Platforms.Build.0 = Debug|Any CPU
		{92801EE7-A5BA-430C-8434-7EE3A8A03414}.Debug|x86.ActiveCfg = Debug|Any CPU
		{92801EE7-A5BA-430C-8434-7EE3A8A03414}.Release|Any CPU.ActiveCfg = Release|Any CPU
		{92801EE7-A5BA-430C-8434-7EE3A8A03414}.Release|Any CPU.Build.0 = Release|Any CPU
		{92801EE7-A5BA-430C-8434-7EE3A8A03414}.Release|Mixed Platforms.ActiveCfg = Release|Any CPU
		{92801EE7-A5BA-430C-8434-7EE3A8A03414}.Release|Mixed Platforms.Build.0 = Release|Any CPU
		{92801EE7-A5BA-430C-8434-7EE3A8A03414}.Release|x86.ActiveCfg = Release|Any CPU
		{ABC35001-3755-4AFF-88D6-B48598BBC651}.Debug|Any CPU.ActiveCfg = Debug|Any CPU
		{ABC35001-3755-4AFF-88D6-B48598BBC651}.Debug|Any CPU.Build.0 = Debug|Any CPU
		{ABC35001-3755-4AFF-88D6-B48598BBC651}.Debug|Mixed Platforms.ActiveCfg = Debug|Any CPU
		{ABC35001-3755-4AFF-88D6-B48598BBC651}.Debug|Mixed Platforms.Build.0 = Debug|Any CPU
		{ABC35001-3755-4AFF-88D6-B48598BBC651}.Debug|x86.ActiveCfg = Debug|Any CPU
		{ABC35001-3755-4AFF-88D6-B48598BBC651}.Release|Any CPU.ActiveCfg = Release|Any CPU
		{ABC35001-3755-4AFF-88D6-B48598BBC651}.Release|Any CPU.Build.0 = Release|Any CPU
		{ABC35001-3755-4AFF-88D6-B48598BBC651}.Release|Mixed Platforms.ActiveCfg = Release|Any CPU
		{ABC35001-3755-4AFF-88D6-B48598BBC651}.Release|Mixed Platforms.Build.0 = Release|Any CPU
		{ABC35001-3755-4AFF-88D6-B48598BBC651}.Release|x86.ActiveCfg = Release|Any CPU
		{0EB14E7F-1568-40B0-BF3D-6611870C31C3}.Debug|Any CPU.ActiveCfg = Debug|Any CPU
		{0EB14E7F-1568-40B0-BF3D-6611870C31C3}.Debug|Any CPU.Build.0 = Debug|Any CPU
		{0EB14E7F-1568-40B0-BF3D-6611870C31C3}.Debug|Mixed Platforms.ActiveCfg = Debug|Any CPU
		{0EB14E7F-1568-40B0-BF3D-6611870C31C3}.Debug|Mixed Platforms.Build.0 = Debug|Any CPU
		{0EB14E7F-1568-40B0-BF3D-6611870C31C3}.Debug|x86.ActiveCfg = Debug|Any CPU
		{0EB14E7F-1568-40B0-BF3D-6611870C31C3}.Release|Any CPU.ActiveCfg = Release|Any CPU
		{0EB14E7F-1568-40B0-BF3D-6611870C31C3}.Release|Any CPU.Build.0 = Release|Any CPU
		{0EB14E7F-1568-40B0-BF3D-6611870C31C3}.Release|Mixed Platforms.ActiveCfg = Release|Any CPU
		{0EB14E7F-1568-40B0-BF3D-6611870C31C3}.Release|Mixed Platforms.Build.0 = Release|Any CPU
		{0EB14E7F-1568-40B0-BF3D-6611870C31C3}.Release|x86.ActiveCfg = Release|Any CPU
		{B2965A48-A4F2-406A-8D0A-D4134A1351F0}.Debug|Any CPU.ActiveCfg = Debug|Any CPU
		{B2965A48-A4F2-406A-8D0A-D4134A1351F0}.Debug|Any CPU.Build.0 = Debug|Any CPU
		{B2965A48-A4F2-406A-8D0A-D4134A1351F0}.Debug|Mixed Platforms.ActiveCfg = Debug|Any CPU
		{B2965A48-A4F2-406A-8D0A-D4134A1351F0}.Debug|Mixed Platforms.Build.0 = Debug|Any CPU
		{B2965A48-A4F2-406A-8D0A-D4134A1351F0}.Debug|x86.ActiveCfg = Debug|Any CPU
		{B2965A48-A4F2-406A-8D0A-D4134A1351F0}.Release|Any CPU.ActiveCfg = Release|Any CPU
		{B2965A48-A4F2-406A-8D0A-D4134A1351F0}.Release|Any CPU.Build.0 = Release|Any CPU
		{B2965A48-A4F2-406A-8D0A-D4134A1351F0}.Release|Mixed Platforms.ActiveCfg = Release|Any CPU
		{B2965A48-A4F2-406A-8D0A-D4134A1351F0}.Release|Mixed Platforms.Build.0 = Release|Any CPU
		{B2965A48-A4F2-406A-8D0A-D4134A1351F0}.Release|x86.ActiveCfg = Release|Any CPU
		{18F4AF88-0E70-4264-BFB0-20E585D416B8}.Debug|Any CPU.ActiveCfg = Debug|Any CPU
		{18F4AF88-0E70-4264-BFB0-20E585D416B8}.Debug|Any CPU.Build.0 = Debug|Any CPU
		{18F4AF88-0E70-4264-BFB0-20E585D416B8}.Debug|Mixed Platforms.ActiveCfg = Debug|Any CPU
		{18F4AF88-0E70-4264-BFB0-20E585D416B8}.Debug|Mixed Platforms.Build.0 = Debug|Any CPU
		{18F4AF88-0E70-4264-BFB0-20E585D416B8}.Debug|x86.ActiveCfg = Debug|Any CPU
		{18F4AF88-0E70-4264-BFB0-20E585D416B8}.Release|Any CPU.ActiveCfg = Release|Any CPU
		{18F4AF88-0E70-4264-BFB0-20E585D416B8}.Release|Any CPU.Build.0 = Release|Any CPU
		{18F4AF88-0E70-4264-BFB0-20E585D416B8}.Release|Mixed Platforms.ActiveCfg = Release|Any CPU
		{18F4AF88-0E70-4264-BFB0-20E585D416B8}.Release|Mixed Platforms.Build.0 = Release|Any CPU
		{18F4AF88-0E70-4264-BFB0-20E585D416B8}.Release|x86.ActiveCfg = Release|Any CPU
		{4BF58756-DB5E-4EEC-A711-2ED58B2FE3B1}.Debug|Any CPU.ActiveCfg = Debug|Any CPU
		{4BF58756-DB5E-4EEC-A711-2ED58B2FE3B1}.Debug|Any CPU.Build.0 = Debug|Any CPU
		{4BF58756-DB5E-4EEC-A711-2ED58B2FE3B1}.Debug|Mixed Platforms.ActiveCfg = Debug|Any CPU
		{4BF58756-DB5E-4EEC-A711-2ED58B2FE3B1}.Debug|Mixed Platforms.Build.0 = Debug|Any CPU
		{4BF58756-DB5E-4EEC-A711-2ED58B2FE3B1}.Debug|x86.ActiveCfg = Debug|Any CPU
		{4BF58756-DB5E-4EEC-A711-2ED58B2FE3B1}.Release|Any CPU.ActiveCfg = Release|Any CPU
		{4BF58756-DB5E-4EEC-A711-2ED58B2FE3B1}.Release|Any CPU.Build.0 = Release|Any CPU
		{4BF58756-DB5E-4EEC-A711-2ED58B2FE3B1}.Release|Mixed Platforms.ActiveCfg = Release|Any CPU
		{4BF58756-DB5E-4EEC-A711-2ED58B2FE3B1}.Release|Mixed Platforms.Build.0 = Release|Any CPU
		{4BF58756-DB5E-4EEC-A711-2ED58B2FE3B1}.Release|x86.ActiveCfg = Release|Any CPU
		{E965C840-A433-45EA-AC23-1E3ED00ABBF6}.Debug|Any CPU.ActiveCfg = Debug|Any CPU
		{E965C840-A433-45EA-AC23-1E3ED00ABBF6}.Debug|Any CPU.Build.0 = Debug|Any CPU
		{E965C840-A433-45EA-AC23-1E3ED00ABBF6}.Debug|Mixed Platforms.ActiveCfg = Debug|Any CPU
		{E965C840-A433-45EA-AC23-1E3ED00ABBF6}.Debug|Mixed Platforms.Build.0 = Debug|Any CPU
		{E965C840-A433-45EA-AC23-1E3ED00ABBF6}.Debug|x86.ActiveCfg = Debug|Any CPU
		{E965C840-A433-45EA-AC23-1E3ED00ABBF6}.Release|Any CPU.ActiveCfg = Release|Any CPU
		{E965C840-A433-45EA-AC23-1E3ED00ABBF6}.Release|Any CPU.Build.0 = Release|Any CPU
		{E965C840-A433-45EA-AC23-1E3ED00ABBF6}.Release|Mixed Platforms.ActiveCfg = Release|Any CPU
		{E965C840-A433-45EA-AC23-1E3ED00ABBF6}.Release|Mixed Platforms.Build.0 = Release|Any CPU
		{E965C840-A433-45EA-AC23-1E3ED00ABBF6}.Release|x86.ActiveCfg = Release|Any CPU
		{96FD45FD-0B6D-4EC7-88AE-DA8D387DAB37}.Debug|Any CPU.ActiveCfg = Debug|Any CPU
		{96FD45FD-0B6D-4EC7-88AE-DA8D387DAB37}.Debug|Any CPU.Build.0 = Debug|Any CPU
		{96FD45FD-0B6D-4EC7-88AE-DA8D387DAB37}.Debug|Mixed Platforms.ActiveCfg = Debug|Any CPU
		{96FD45FD-0B6D-4EC7-88AE-DA8D387DAB37}.Debug|Mixed Platforms.Build.0 = Debug|Any CPU
		{96FD45FD-0B6D-4EC7-88AE-DA8D387DAB37}.Debug|x86.ActiveCfg = Debug|Any CPU
		{96FD45FD-0B6D-4EC7-88AE-DA8D387DAB37}.Release|Any CPU.ActiveCfg = Release|Any CPU
		{96FD45FD-0B6D-4EC7-88AE-DA8D387DAB37}.Release|Any CPU.Build.0 = Release|Any CPU
		{96FD45FD-0B6D-4EC7-88AE-DA8D387DAB37}.Release|Mixed Platforms.ActiveCfg = Release|Any CPU
		{96FD45FD-0B6D-4EC7-88AE-DA8D387DAB37}.Release|Mixed Platforms.Build.0 = Release|Any CPU
		{96FD45FD-0B6D-4EC7-88AE-DA8D387DAB37}.Release|x86.ActiveCfg = Release|Any CPU
		{75B9369B-F3B5-4372-94B0-52193499F5AB}.Debug|Any CPU.ActiveCfg = Debug|Any CPU
		{75B9369B-F3B5-4372-94B0-52193499F5AB}.Debug|Any CPU.Build.0 = Debug|Any CPU
		{75B9369B-F3B5-4372-94B0-52193499F5AB}.Debug|Mixed Platforms.ActiveCfg = Debug|Any CPU
		{75B9369B-F3B5-4372-94B0-52193499F5AB}.Debug|Mixed Platforms.Build.0 = Debug|Any CPU
		{75B9369B-F3B5-4372-94B0-52193499F5AB}.Debug|x86.ActiveCfg = Debug|Any CPU
		{75B9369B-F3B5-4372-94B0-52193499F5AB}.Release|Any CPU.ActiveCfg = Release|Any CPU
		{75B9369B-F3B5-4372-94B0-52193499F5AB}.Release|Any CPU.Build.0 = Release|Any CPU
		{75B9369B-F3B5-4372-94B0-52193499F5AB}.Release|Mixed Platforms.ActiveCfg = Release|Any CPU
		{75B9369B-F3B5-4372-94B0-52193499F5AB}.Release|Mixed Platforms.Build.0 = Release|Any CPU
		{75B9369B-F3B5-4372-94B0-52193499F5AB}.Release|x86.ActiveCfg = Release|Any CPU
	EndGlobalSection
	GlobalSection(SolutionProperties) = preSolution
		HideSolutionNode = FALSE
	EndGlobalSection
	GlobalSection(NestedProjects) = preSolution
		{3ABF1967-7B6D-436C-B0BF-754671A8AA2D} = {F7F628AE-75CF-4448-960F-894FEB788F02}
		{170DE623-8DE2-411C-8A9E-0738B8F5BD15} = {57380B2D-A28D-405F-B3EA-9A1FFBFDCBC0}
		{5128FF85-304F-4943-853E-F8E3535DFB55} = {57380B2D-A28D-405F-B3EA-9A1FFBFDCBC0}
		{311B600D-E1AE-4172-9CC6-1A24DBCD67C2} = {57380B2D-A28D-405F-B3EA-9A1FFBFDCBC0}
		{4F797E67-948D-4EEC-ACD7-758028E9166F} = {57380B2D-A28D-405F-B3EA-9A1FFBFDCBC0}
		{5156F5A7-9F81-4B41-83B8-18BF669E5DC6} = {57380B2D-A28D-405F-B3EA-9A1FFBFDCBC0}
		{5DA88B50-0490-4518-A4BD-E3E1A6C8C8C7} = {57380B2D-A28D-405F-B3EA-9A1FFBFDCBC0}
		{1FC63292-A994-4371-98C0-72564B12296F} = {57380B2D-A28D-405F-B3EA-9A1FFBFDCBC0}
		{F8646414-0C9C-49BB-9DA3-3923BF78A398} = {57380B2D-A28D-405F-B3EA-9A1FFBFDCBC0}
		{0BED301C-9C61-4DF4-BD1B-ADDA570BE2E3} = {57380B2D-A28D-405F-B3EA-9A1FFBFDCBC0}
		{6F6F4CB7-BE58-4515-AE2C-E757F53628A3} = {57380B2D-A28D-405F-B3EA-9A1FFBFDCBC0}
		{910141A1-9FC5-4A44-B682-425100FE9023} = {5DA88B50-0490-4518-A4BD-E3E1A6C8C8C7}
		{C4AC374F-B5A7-4C2F-91FF-92284233F9A2} = {E5E6B757-ACCD-4C14-B207-DD22A773F96B}
		{0A11F974-1C92-457B-837A-911A8EF85055} = {E5E6B757-ACCD-4C14-B207-DD22A773F96B}
		{4AF9BDE9-3E91-4035-BB20-2CFC1E0E54A6} = {0BED301C-9C61-4DF4-BD1B-ADDA570BE2E3}
		{4E497BFB-357C-4A57-A2B8-410BE0D112BE} = {0BED301C-9C61-4DF4-BD1B-ADDA570BE2E3}
		{D7FD82ED-916C-4BB6-BC36-5FEF5F476AE9} = {0BED301C-9C61-4DF4-BD1B-ADDA570BE2E3}
		{BA736818-3DCC-4FC6-BABD-91B7F3655E7D} = {0BED301C-9C61-4DF4-BD1B-ADDA570BE2E3}
		{641F7A38-DE08-40A8-9661-92B829AE8CD7} = {0BED301C-9C61-4DF4-BD1B-ADDA570BE2E3}
		{E7F807E9-77C3-4DFB-A0F9-69E10F8005F7} = {0BED301C-9C61-4DF4-BD1B-ADDA570BE2E3}
		{C4C4C910-A273-4B2F-99E9-AEAB01F30FCC} = {0BED301C-9C61-4DF4-BD1B-ADDA570BE2E3}
		{14A2C520-1939-4B6A-B584-EE5797F26701} = {0BED301C-9C61-4DF4-BD1B-ADDA570BE2E3}
		{025CB33F-286F-4C13-9BB4-DD691742DD93} = {0BED301C-9C61-4DF4-BD1B-ADDA570BE2E3}
		{4BF58756-DB5E-4EEC-A711-2ED58B2FE3B1} = {0BED301C-9C61-4DF4-BD1B-ADDA570BE2E3}
		{AEB9100B-EBBD-4172-AE2B-545104A22D99} = {0BED301C-9C61-4DF4-BD1B-ADDA570BE2E3}
		{DD5C593C-AFA3-4889-865E-CC0112DC1CD1} = {0BED301C-9C61-4DF4-BD1B-ADDA570BE2E3}
		{0A85D3E6-9463-4E5A-A001-DD2401EC190A} = {6F6F4CB7-BE58-4515-AE2C-E757F53628A3}
		{C76A2608-2BEF-4398-95EC-C8C418828DDE} = {6F6F4CB7-BE58-4515-AE2C-E757F53628A3}
		{CE245B2A-9CAF-4E2B-B015-EBC7F4E417A1} = {4E497BFB-357C-4A57-A2B8-410BE0D112BE}
		{3D8928F4-81C7-443E-98B3-C155EEE33927} = {4E497BFB-357C-4A57-A2B8-410BE0D112BE}
		{ABC35001-3755-4AFF-88D6-B48598BBC651} = {D7FD82ED-916C-4BB6-BC36-5FEF5F476AE9}
		{0EB14E7F-1568-40B0-BF3D-6611870C31C3} = {D7FD82ED-916C-4BB6-BC36-5FEF5F476AE9}
		{938CF42A-D1A7-46D4-866C-1222495A1C4C} = {BA736818-3DCC-4FC6-BABD-91B7F3655E7D}
		{92801EE7-A5BA-430C-8434-7EE3A8A03414} = {BA736818-3DCC-4FC6-BABD-91B7F3655E7D}
		{C931A2CD-AF62-4196-8A87-8D9D81BE31A8} = {E7F807E9-77C3-4DFB-A0F9-69E10F8005F7}
		{123E4986-123D-4D08-ADEA-C8CE23B8AB5A} = {C4C4C910-A273-4B2F-99E9-AEAB01F30FCC}
		{3BA5E316-7A1E-44D5-B532-84EBCB632754} = {C4C4C910-A273-4B2F-99E9-AEAB01F30FCC}
		{B2965A48-A4F2-406A-8D0A-D4134A1351F0} = {025CB33F-286F-4C13-9BB4-DD691742DD93}
		{18F4AF88-0E70-4264-BFB0-20E585D416B8} = {025CB33F-286F-4C13-9BB4-DD691742DD93}
		{96FD45FD-0B6D-4EC7-88AE-DA8D387DAB37} = {AEB9100B-EBBD-4172-AE2B-545104A22D99}
		{75B9369B-F3B5-4372-94B0-52193499F5AB} = {AEB9100B-EBBD-4172-AE2B-545104A22D99}
		{E965C840-A433-45EA-AC23-1E3ED00ABBF6} = {DD5C593C-AFA3-4889-865E-CC0112DC1CD1}
	EndGlobalSection
EndGlobal
