
Microsoft Visual Studio Solution File, Format Version 12.00
# Visual Studio 2013
VisualStudioVersion = 12.0.21005.1
MinimumVisualStudioVersion = 10.0.40219.1
Project("{FAE04EC0-301F-11D3-BF4B-00C04F79EFBC}") = "V6ThuePost_VIN_Api", "ApiConnect\V6ThuePost_VIN_Api.csproj", "{A65BAF8E-B364-4384-B798-E2E2E0D67F8D}"
EndProject
Project("{FAE04EC0-301F-11D3-BF4B-00C04F79EFBC}") = "V6ThuePost_VIN", "V6ThuePost\V6ThuePost_VIN.csproj", "{92801EE7-A5BA-430C-8434-7EE3A8A03414}"
EndProject
Project("{FAE04EC0-301F-11D3-BF4B-00C04F79EFBC}") = "V6ThuePostObjects", "..\PostObjects\V6ThuePostObjects.csproj", "{14A2C520-1939-4B6A-B584-EE5797F26701}"
EndProject
Project("{FAE04EC0-301F-11D3-BF4B-00C04F79EFBC}") = "V6SignToken", "..\V6SignToken\V6SignToken\V6SignToken.csproj", "{4BF58756-DB5E-4EEC-A711-2ED58B2FE3B1}"
EndProject
Global
	GlobalSection(SolutionConfigurationPlatforms) = preSolution
		Debug|Any CPU = Debug|Any CPU
		Debug|x86 = Debug|x86
		Release|Any CPU = Release|Any CPU
		Release|x86 = Release|x86
	EndGlobalSection
	GlobalSection(ProjectConfigurationPlatforms) = postSolution
		{A65BAF8E-B364-4384-B798-E2E2E0D67F8D}.Debug|Any CPU.ActiveCfg = Debug|Any CPU
		{A65BAF8E-B364-4384-B798-E2E2E0D67F8D}.Debug|Any CPU.Build.0 = Debug|Any CPU
		{A65BAF8E-B364-4384-B798-E2E2E0D67F8D}.Debug|x86.ActiveCfg = Debug|Any CPU
		{A65BAF8E-B364-4384-B798-E2E2E0D67F8D}.Release|Any CPU.ActiveCfg = Release|Any CPU
		{A65BAF8E-B364-4384-B798-E2E2E0D67F8D}.Release|Any CPU.Build.0 = Release|Any CPU
		{A65BAF8E-B364-4384-B798-E2E2E0D67F8D}.Release|x86.ActiveCfg = Release|Any CPU
		{92801EE7-A5BA-430C-8434-7EE3A8A03414}.Debug|Any CPU.ActiveCfg = Debug|Any CPU
		{92801EE7-A5BA-430C-8434-7EE3A8A03414}.Debug|Any CPU.Build.0 = Debug|Any CPU
		{92801EE7-A5BA-430C-8434-7EE3A8A03414}.Debug|x86.ActiveCfg = Debug|Any CPU
		{92801EE7-A5BA-430C-8434-7EE3A8A03414}.Release|Any CPU.ActiveCfg = Release|Any CPU
		{92801EE7-A5BA-430C-8434-7EE3A8A03414}.Release|Any CPU.Build.0 = Release|Any CPU
		{92801EE7-A5BA-430C-8434-7EE3A8A03414}.Release|x86.ActiveCfg = Release|Any CPU
		{14A2C520-1939-4B6A-B584-EE5797F26701}.Debug|Any CPU.ActiveCfg = Debug|Any CPU
		{14A2C520-1939-4B6A-B584-EE5797F26701}.Debug|Any CPU.Build.0 = Debug|Any CPU
		{14A2C520-1939-4B6A-B584-EE5797F26701}.Debug|x86.ActiveCfg = Debug|Any CPU
		{14A2C520-1939-4B6A-B584-EE5797F26701}.Release|Any CPU.ActiveCfg = Release|Any CPU
		{14A2C520-1939-4B6A-B584-EE5797F26701}.Release|Any CPU.Build.0 = Release|Any CPU
		{14A2C520-1939-4B6A-B584-EE5797F26701}.Release|x86.ActiveCfg = Release|Any CPU
		{4BF58756-DB5E-4EEC-A711-2ED58B2FE3B1}.Debug|Any CPU.ActiveCfg = Debug|Any CPU
		{4BF58756-DB5E-4EEC-A711-2ED58B2FE3B1}.Debug|Any CPU.Build.0 = Debug|Any CPU
		{4BF58756-DB5E-4EEC-A711-2ED58B2FE3B1}.Debug|x86.ActiveCfg = Debug|Any CPU
		{4BF58756-DB5E-4EEC-A711-2ED58B2FE3B1}.Release|Any CPU.ActiveCfg = Release|Any CPU
		{4BF58756-DB5E-4EEC-A711-2ED58B2FE3B1}.Release|Any CPU.Build.0 = Release|Any CPU
		{4BF58756-DB5E-4EEC-A711-2ED58B2FE3B1}.Release|x86.ActiveCfg = Release|Any CPU
	EndGlobalSection
	GlobalSection(SolutionProperties) = preSolution
		HideSolutionNode = FALSE
	EndGlobalSection
EndGlobal
