
Microsoft Visual Studio Solution File, Format Version 12.00
# Visual Studio 2013
VisualStudioVersion = 12.0.21005.1
MinimumVisualStudioVersion = 10.0.40219.1
Project("{FAE04EC0-301F-11D3-BF4B-00C04F79EFBC}") = "V6Common_Cache", "V6Common_Cache\V6Common_Cache.csproj", "{D3CFD818-33D4-4105-993E-28350B33BA3A}"
EndProject
Project("{FAE04EC0-301F-11D3-BF4B-00C04F79EFBC}") = "V6Common_DeInWcf", "V6Common_DeInWcf\V6Common_DeInWcf.csproj", "{2634E731-D847-40F3-8A87-A0640F49A3BF}"
EndProject
Project("{FAE04EC0-301F-11D3-BF4B-00C04F79EFBC}") = "V6Common_ExceptionHandling", "V6Common_ExceptionHandling\V6Common_ExceptionHandling.csproj", "{775703D8-537B-4CB6-A2A4-6B92C6B31D27}"
EndProject
Project("{FAE04EC0-301F-11D3-BF4B-00C04F79EFBC}") = "V6Common_Logging", "V6Common_Logging\V6Common_Logging.csproj", "{3A745DF0-38FA-405E-8431-F7A651AB4945}"
EndProject
Project("{FAE04EC0-301F-11D3-BF4B-00C04F79EFBC}") = "V6Common_ModelFactory", "V6Common_ModelFactory\V6Common_ModelFactory.csproj", "{BA518E0D-956C-4125-81CE-6C0CA86C2786}"
EndProject
Project("{FAE04EC0-301F-11D3-BF4B-00C04F79EFBC}") = "V6Common_Security", "V6Common_Security\V6Common_Security.csproj", "{37318D8B-CF41-4186-855A-99771DABA47D}"
EndProject
Project("{FAE04EC0-301F-11D3-BF4B-00C04F79EFBC}") = "V6Common_Utils", "V6Common_Utils\V6Common_Utils.csproj", "{6052E170-F511-47AC-B457-214E633C7D1C}"
EndProject
Project("{FAE04EC0-301F-11D3-BF4B-00C04F79EFBC}") = "V6Common_Test", "V6Common_Test\V6Common_Test.csproj", "{D7B2CE95-8C19-4802-A8B0-FA4B512BC2F2}"
EndProject
Global
	GlobalSection(SolutionConfigurationPlatforms) = preSolution
		Debug|Any CPU = Debug|Any CPU
		Release|Any CPU = Release|Any CPU
	EndGlobalSection
	GlobalSection(ProjectConfigurationPlatforms) = postSolution
		{D3CFD818-33D4-4105-993E-28350B33BA3A}.Debug|Any CPU.ActiveCfg = Debug|Any CPU
		{D3CFD818-33D4-4105-993E-28350B33BA3A}.Debug|Any CPU.Build.0 = Debug|Any CPU
		{D3CFD818-33D4-4105-993E-28350B33BA3A}.Release|Any CPU.ActiveCfg = Release|Any CPU
		{D3CFD818-33D4-4105-993E-28350B33BA3A}.Release|Any CPU.Build.0 = Release|Any CPU
		{2634E731-D847-40F3-8A87-A0640F49A3BF}.Debug|Any CPU.ActiveCfg = Debug|Any CPU
		{2634E731-D847-40F3-8A87-A0640F49A3BF}.Debug|Any CPU.Build.0 = Debug|Any CPU
		{2634E731-D847-40F3-8A87-A0640F49A3BF}.Release|Any CPU.ActiveCfg = Release|Any CPU
		{2634E731-D847-40F3-8A87-A0640F49A3BF}.Release|Any CPU.Build.0 = Release|Any CPU
		{775703D8-537B-4CB6-A2A4-6B92C6B31D27}.Debug|Any CPU.ActiveCfg = Debug|Any CPU
		{775703D8-537B-4CB6-A2A4-6B92C6B31D27}.Debug|Any CPU.Build.0 = Debug|Any CPU
		{775703D8-537B-4CB6-A2A4-6B92C6B31D27}.Release|Any CPU.ActiveCfg = Release|Any CPU
		{775703D8-537B-4CB6-A2A4-6B92C6B31D27}.Release|Any CPU.Build.0 = Release|Any CPU
		{3A745DF0-38FA-405E-8431-F7A651AB4945}.Debug|Any CPU.ActiveCfg = Debug|Any CPU
		{3A745DF0-38FA-405E-8431-F7A651AB4945}.Debug|Any CPU.Build.0 = Debug|Any CPU
		{3A745DF0-38FA-405E-8431-F7A651AB4945}.Release|Any CPU.ActiveCfg = Release|Any CPU
		{3A745DF0-38FA-405E-8431-F7A651AB4945}.Release|Any CPU.Build.0 = Release|Any CPU
		{BA518E0D-956C-4125-81CE-6C0CA86C2786}.Debug|Any CPU.ActiveCfg = Debug|Any CPU
		{BA518E0D-956C-4125-81CE-6C0CA86C2786}.Debug|Any CPU.Build.0 = Debug|Any CPU
		{BA518E0D-956C-4125-81CE-6C0CA86C2786}.Release|Any CPU.ActiveCfg = Release|Any CPU
		{BA518E0D-956C-4125-81CE-6C0CA86C2786}.Release|Any CPU.Build.0 = Release|Any CPU
		{37318D8B-CF41-4186-855A-99771DABA47D}.Debug|Any CPU.ActiveCfg = Debug|Any CPU
		{37318D8B-CF41-4186-855A-99771DABA47D}.Debug|Any CPU.Build.0 = Debug|Any CPU
		{37318D8B-CF41-4186-855A-99771DABA47D}.Release|Any CPU.ActiveCfg = Release|Any CPU
		{37318D8B-CF41-4186-855A-99771DABA47D}.Release|Any CPU.Build.0 = Release|Any CPU
		{6052E170-F511-47AC-B457-214E633C7D1C}.Debug|Any CPU.ActiveCfg = Debug|Any CPU
		{6052E170-F511-47AC-B457-214E633C7D1C}.Debug|Any CPU.Build.0 = Debug|Any CPU
		{6052E170-F511-47AC-B457-214E633C7D1C}.Release|Any CPU.ActiveCfg = Release|Any CPU
		{6052E170-F511-47AC-B457-214E633C7D1C}.Release|Any CPU.Build.0 = Release|Any CPU
		{D7B2CE95-8C19-4802-A8B0-FA4B512BC2F2}.Debug|Any CPU.ActiveCfg = Debug|Any CPU
		{D7B2CE95-8C19-4802-A8B0-FA4B512BC2F2}.Debug|Any CPU.Build.0 = Debug|Any CPU
		{D7B2CE95-8C19-4802-A8B0-FA4B512BC2F2}.Release|Any CPU.ActiveCfg = Release|Any CPU
		{D7B2CE95-8C19-4802-A8B0-FA4B512BC2F2}.Release|Any CPU.Build.0 = Release|Any CPU
	EndGlobalSection
	GlobalSection(SolutionProperties) = preSolution
		HideSolutionNode = FALSE
	EndGlobalSection
EndGlobal
